// !$*UTF8*$!
{
	archiveVersion = 1;
	classes = {
	};
	objectVersion = 46;
	objects = {

/* Begin PBXBuildFile section */
		76192CF51C9A1182006F5EE6 /* Main.storyboard in Resources */ = {isa = PBXBuildFile; fileRef = 76192CF31C9A1182006F5EE6 /* Main.storyboard */; };
		761B05AF1CB86FFE0091C2FF /* Trophy.png in Resources */ = {isa = PBXBuildFile; fileRef = 761B05AE1CB86FFE0091C2FF /* Trophy.png */; };
		761B05B11CB870A00091C2FF /* Trophy1.png in Resources */ = {isa = PBXBuildFile; fileRef = 761B05B01CB870A00091C2FF /* Trophy1.png */; };
		761CF5831CD95B12003A3433 /* resume-button@3x.png in Resources */ = {isa = PBXBuildFile; fileRef = 761CF5821CD95B12003A3433 /* resume-button@3x.png */; };
		761FBE491CA5E83300F555CF /* AudioToolbox.framework in Frameworks */ = {isa = PBXBuildFile; fileRef = 761FBE481CA5E83300F555CF /* AudioToolbox.framework */; };
		761FBE4B1CA5E84400F555CF /* CoreAudio.framework in Frameworks */ = {isa = PBXBuildFile; fileRef = 761FBE4A1CA5E84400F555CF /* CoreAudio.framework */; };
		761FBE4D1CA5E85400F555CF /* AVKit.framework in Frameworks */ = {isa = PBXBuildFile; fileRef = 761FBE4C1CA5E85400F555CF /* AVKit.framework */; };
		761FBE4F1CA5E86500F555CF /* QuartzCore.framework in Frameworks */ = {isa = PBXBuildFile; fileRef = 761FBE4E1CA5E86500F555CF /* QuartzCore.framework */; };
		761FBE511CA5E87100F555CF /* MobileCoreServices.framework in Frameworks */ = {isa = PBXBuildFile; fileRef = 761FBE501CA5E87100F555CF /* MobileCoreServices.framework */; };
		761FBE531CA5E88100F555CF /* MediaPlayer.framework in Frameworks */ = {isa = PBXBuildFile; fileRef = 761FBE521CA5E88100F555CF /* MediaPlayer.framework */; };
		761FBE551CA5E88D00F555CF /* CoreMedia.framework in Frameworks */ = {isa = PBXBuildFile; fileRef = 761FBE541CA5E88D00F555CF /* CoreMedia.framework */; };
		761FBE571CA5E89B00F555CF /* AssetsLibrary.framework in Frameworks */ = {isa = PBXBuildFile; fileRef = 761FBE561CA5E89B00F555CF /* AssetsLibrary.framework */; };
		761FED901C24922D006FF374 /* MulticolorPolylineSegment.m in Sources */ = {isa = PBXBuildFile; fileRef = 761FED8F1C24922D006FF374 /* MulticolorPolylineSegment.m */; };
		762185C81CC0470A002FD7B8 /* PopupBackgroundView.m in Sources */ = {isa = PBXBuildFile; fileRef = 762185C01CC0470A002FD7B8 /* PopupBackgroundView.m */; };
		762185C91CC0470A002FD7B8 /* PopupViewAnimationFade.m in Sources */ = {isa = PBXBuildFile; fileRef = 762185C21CC0470A002FD7B8 /* PopupViewAnimationFade.m */; };
		762185CA1CC0470A002FD7B8 /* UIViewController+popupViewController.m in Sources */ = {isa = PBXBuildFile; fileRef = 762185C41CC0470A002FD7B8 /* UIViewController+popupViewController.m */; };
		762185CB1CC0470A002FD7B8 /* PopupView.xib in Resources */ = {isa = PBXBuildFile; fileRef = 762185C51CC0470A002FD7B8 /* PopupView.xib */; };
		762185CC1CC0470A002FD7B8 /* PopupView.m in Sources */ = {isa = PBXBuildFile; fileRef = 762185C71CC0470A002FD7B8 /* PopupView.m */; };
		76221F351CB57F78001EF511 /* MediaViewController.m in Sources */ = {isa = PBXBuildFile; fileRef = 76221F2D1CB57F77001EF511 /* MediaViewController.m */; };
		76221F361CB57F78001EF511 /* FiltersViewController.m in Sources */ = {isa = PBXBuildFile; fileRef = 76221F2F1CB57F77001EF511 /* FiltersViewController.m */; };
		76221F371CB57F78001EF511 /* Filters.m in Sources */ = {isa = PBXBuildFile; fileRef = 76221F311CB57F77001EF511 /* Filters.m */; };
		76221F381CB57F78001EF511 /* ThumbNail.m in Sources */ = {isa = PBXBuildFile; fileRef = 76221F331CB57F77001EF511 /* ThumbNail.m */; };
		76266F6E1CCDAFB700854963 /* heart-rate-monitor.png in Resources */ = {isa = PBXBuildFile; fileRef = 76266F6D1CCDAFB700854963 /* heart-rate-monitor.png */; };
		76266F711CCDB00200854963 /* SilverG.png in Resources */ = {isa = PBXBuildFile; fileRef = 76266F6F1CCDB00200854963 /* SilverG.png */; };
		76266F721CCDB00200854963 /* GoldG.png in Resources */ = {isa = PBXBuildFile; fileRef = 76266F701CCDB00200854963 /* GoldG.png */; };
		76266F741CCDB04500854963 /* mapPin@2x.png in Resources */ = {isa = PBXBuildFile; fileRef = 76266F731CCDB04500854963 /* mapPin@2x.png */; };
		76266F7E1CCDB5E600854963 /* white-circle.png in Resources */ = {isa = PBXBuildFile; fileRef = 76266F7D1CCDB5E600854963 /* white-circle.png */; };
		76266F801CCDBECF00854963 /* share-button.png in Resources */ = {isa = PBXBuildFile; fileRef = 76266F7F1CCDBECF00854963 /* share-button.png */; };
		76266F8A1CCECEB300854963 /* save-button.png in Resources */ = {isa = PBXBuildFile; fileRef = 76266F891CCECEB300854963 /* save-button.png */; };
		76266F8C1CCECF3300854963 /* filters-button.png in Resources */ = {isa = PBXBuildFile; fileRef = 76266F8B1CCECF3300854963 /* filters-button.png */; };
		76266F8E1CCECF6600854963 /* facebook-button.png in Resources */ = {isa = PBXBuildFile; fileRef = 76266F8D1CCECF6600854963 /* facebook-button.png */; };
		76266F901CCECF7F00854963 /* twitter-button.png in Resources */ = {isa = PBXBuildFile; fileRef = 76266F8F1CCECF7F00854963 /* twitter-button.png */; };
		76266F921CCED00900854963 /* video-button.png in Resources */ = {isa = PBXBuildFile; fileRef = 76266F911CCED00900854963 /* video-button.png */; };
		76266F941CCED02A00854963 /* photo-button.png in Resources */ = {isa = PBXBuildFile; fileRef = 76266F931CCED02A00854963 /* photo-button.png */; };
		76266F961CCED04700854963 /* info-icon.png in Resources */ = {isa = PBXBuildFile; fileRef = 76266F951CCED04700854963 /* info-icon.png */; };
		76266F981CCEDCD300854963 /* original-image.png in Resources */ = {isa = PBXBuildFile; fileRef = 76266F971CCEDCD300854963 /* original-image.png */; };
		76266F9C1CCEE00A00854963 /* Shoot.png in Resources */ = {isa = PBXBuildFile; fileRef = 76266F9B1CCEE00A00854963 /* Shoot.png */; };
		7629A9051C6519E8004A58D1 /* badges.txt in Resources */ = {isa = PBXBuildFile; fileRef = 7629A9041C6519E8004A58D1 /* badges.txt */; };
		7632F2461CD6B0A30092FF56 /* badges-all@3x.png in Resources */ = {isa = PBXBuildFile; fileRef = 7632F2451CD6B0A30092FF56 /* badges-all@3x.png */; };
		7632F2481CD6B0AB0092FF56 /* dismiss-button@3x.png in Resources */ = {isa = PBXBuildFile; fileRef = 7632F2471CD6B0AB0092FF56 /* dismiss-button@3x.png */; };
		7632F24B1CD6B2270092FF56 /* monitor-start-button@3x.png in Resources */ = {isa = PBXBuildFile; fileRef = 7632F2491CD6B2270092FF56 /* monitor-start-button@3x.png */; };
		7632F24C1CD6B2270092FF56 /* monitor-stop-button@3x.png in Resources */ = {isa = PBXBuildFile; fileRef = 7632F24A1CD6B2270092FF56 /* monitor-stop-button@3x.png */; };
		763385461CD003F40072ED1E /* start-screen@2x.png in Resources */ = {isa = PBXBuildFile; fileRef = 763385451CD003F40072ED1E /* start-screen@2x.png */; };
		763385481CD00A040072ED1E /* runner-photo-portrait (1).jpg in Resources */ = {isa = PBXBuildFile; fileRef = 763385471CD00A040072ED1E /* runner-photo-portrait (1).jpg */; };
		7633854A1CD041860072ED1E /* image.jpg in Resources */ = {isa = PBXBuildFile; fileRef = 763385491CD041860072ED1E /* image.jpg */; };
		7633854C1CD045E30072ED1E /* screenshot-icon.png in Resources */ = {isa = PBXBuildFile; fileRef = 7633854B1CD045E30072ED1E /* screenshot-icon.png */; };
		763D7EDA1CDBFC0500A7A986 /* extra-mile-iOS-icon-2_@3x.png in Resources */ = {isa = PBXBuildFile; fileRef = 763D7ED91CDBFC0500A7A986 /* extra-mile-iOS-icon-2_@3x.png */; };
		763D7EDC1CDBFD1600A7A986 /* icon1.png in Resources */ = {isa = PBXBuildFile; fileRef = 763D7EDB1CDBFD1600A7A986 /* icon1.png */; };
		763F2E5A1CD3F19C0089E5CA /* compass_needle.png in Resources */ = {isa = PBXBuildFile; fileRef = 763F2E591CD3F19C0089E5CA /* compass_needle.png */; };
		764B7A621CBEC478008277E9 /* MessageUI.framework in Frameworks */ = {isa = PBXBuildFile; fileRef = 764B7A611CBEC478008277E9 /* MessageUI.framework */; };
		764B7A671CBEC590008277E9 /* SWShareScreenShot.m in Sources */ = {isa = PBXBuildFile; fileRef = 764B7A641CBEC590008277E9 /* SWShareScreenShot.m */; };
		764B7A681CBEC590008277E9 /* SWDetailViewController.m in Sources */ = {isa = PBXBuildFile; fileRef = 764B7A661CBEC590008277E9 /* SWDetailViewController.m */; };
		764B7A6C1CBEF396008277E9 /* Screenshot1.png in Resources */ = {isa = PBXBuildFile; fileRef = 764B7A6B1CBEF396008277E9 /* Screenshot1.png */; };
		764BCECC1C0C1CAA008AFF67 /* CoreLocation.framework in Frameworks */ = {isa = PBXBuildFile; fileRef = 764BCECB1C0C1CAA008AFF67 /* CoreLocation.framework */; };
		764BCED21C0C4F0D008AFF67 /* Math.m in Sources */ = {isa = PBXBuildFile; fileRef = 764BCED11C0C4F0D008AFF67 /* Math.m */; };
		7668F12F1C2B50BB003C2E03 /* BadgeDetailsViewController.m in Sources */ = {isa = PBXBuildFile; fileRef = 7668F12E1C2B50BB003C2E03 /* BadgeDetailsViewController.m */; };
		7671626F1CD1515B003AA64D /* badge-datail-background.png in Resources */ = {isa = PBXBuildFile; fileRef = 7671626E1CD1515B003AA64D /* badge-datail-background.png */; };
		7673D35B1CBB2B4D00F2F452 /* gallery2.png in Resources */ = {isa = PBXBuildFile; fileRef = 7673D3591CBB2B4D00F2F452 /* gallery2.png */; };
		7673D35D1CBB2D2700F2F452 /* save.png in Resources */ = {isa = PBXBuildFile; fileRef = 7673D35C1CBB2D2700F2F452 /* save.png */; };
		7673D3631CBB313700F2F452 /* TakePhoto.png in Resources */ = {isa = PBXBuildFile; fileRef = 7673D3601CBB313700F2F452 /* TakePhoto.png */; };
		76814BBD1CDA9C570022699D /* load-button@3x.png in Resources */ = {isa = PBXBuildFile; fileRef = 76814BBC1CDA9C570022699D /* load-button@3x.png */; };
		76814BC11CDAB0820022699D /* filtered-image.png in Resources */ = {isa = PBXBuildFile; fileRef = 76814BC01CDAB0820022699D /* filtered-image.png */; };
		76814BC31CDAB1D90022699D /* past-runsT.png in Resources */ = {isa = PBXBuildFile; fileRef = 76814BC21CDAB1D90022699D /* past-runsT.png */; };
		76814BC51CDAB2980022699D /* badgesB.png in Resources */ = {isa = PBXBuildFile; fileRef = 76814BC41CDAB2980022699D /* badgesB.png */; };
		76814BC71CDAB51D0022699D /* mediaM.png in Resources */ = {isa = PBXBuildFile; fileRef = 76814BC61CDAB51D0022699D /* mediaM.png */; };
		76814BC91CDAB5BD0022699D /* heart-monitor.png in Resources */ = {isa = PBXBuildFile; fileRef = 76814BC81CDAB5BD0022699D /* heart-monitor.png */; };
		7683EBA91CCAEC0200CA9BE1 /* start-my-workout.png in Resources */ = {isa = PBXBuildFile; fileRef = 7683EBA81CCAEC0200CA9BE1 /* start-my-workout.png */; };
		7683EBAC1CCAF29900CA9BE1 /* heart-monitor-active.png in Resources */ = {isa = PBXBuildFile; fileRef = 7683EBAA1CCAF29900CA9BE1 /* heart-monitor-active.png */; };
		7685F2281C0B190700E6F39D /* main.m in Sources */ = {isa = PBXBuildFile; fileRef = 7685F2271C0B190700E6F39D /* main.m */; };
		7685F22B1C0B190700E6F39D /* AppDelegate.m in Sources */ = {isa = PBXBuildFile; fileRef = 7685F22A1C0B190700E6F39D /* AppDelegate.m */; };
		7685F22E1C0B190700E6F39D /* Tracker_1.xcdatamodeld in Sources */ = {isa = PBXBuildFile; fileRef = 7685F22C1C0B190700E6F39D /* Tracker_1.xcdatamodeld */; };
		7685F2341C0B190700E6F39D /* DetailViewController.m in Sources */ = {isa = PBXBuildFile; fileRef = 7685F2331C0B190700E6F39D /* DetailViewController.m */; };
		7685F2391C0B190700E6F39D /* Assets.xcassets in Resources */ = {isa = PBXBuildFile; fileRef = 7685F2381C0B190700E6F39D /* Assets.xcassets */; };
		7685F23C1C0B190700E6F39D /* LaunchScreen.storyboard in Resources */ = {isa = PBXBuildFile; fileRef = 7685F23A1C0B190700E6F39D /* LaunchScreen.storyboard */; };
		7685F2471C0B190700E6F39D /* Tracker_1Tests.m in Sources */ = {isa = PBXBuildFile; fileRef = 7685F2461C0B190700E6F39D /* Tracker_1Tests.m */; };
		7685F2521C0B190700E6F39D /* Tracker_1UITests.m in Sources */ = {isa = PBXBuildFile; fileRef = 7685F2511C0B190700E6F39D /* Tracker_1UITests.m */; };
		7685F2671C0B1DEC00E6F39D /* Location+CoreDataProperties.m in Sources */ = {isa = PBXBuildFile; fileRef = 7685F2601C0B1DEC00E6F39D /* Location+CoreDataProperties.m */; };
		7685F2681C0B1DEC00E6F39D /* Location.m in Sources */ = {isa = PBXBuildFile; fileRef = 7685F2621C0B1DEC00E6F39D /* Location.m */; };
		7685F2691C0B1DEC00E6F39D /* Run+CoreDataProperties.m in Sources */ = {isa = PBXBuildFile; fileRef = 7685F2641C0B1DEC00E6F39D /* Run+CoreDataProperties.m */; };
		7685F26A1C0B1DEC00E6F39D /* Run.m in Sources */ = {isa = PBXBuildFile; fileRef = 7685F2661C0B1DEC00E6F39D /* Run.m */; };
		7685F26C1C0B1E1200E6F39D /* MapKit.framework in Frameworks */ = {isa = PBXBuildFile; fileRef = 7685F26B1C0B1E1200E6F39D /* MapKit.framework */; };
		7685F26E1C0B1E1B00E6F39D /* CoreGraphics.framework in Frameworks */ = {isa = PBXBuildFile; fileRef = 7685F26D1C0B1E1B00E6F39D /* CoreGraphics.framework */; };
		7685F2701C0B1E2500E6F39D /* CoreData.framework in Frameworks */ = {isa = PBXBuildFile; fileRef = 7685F26F1C0B1E2500E6F39D /* CoreData.framework */; };
		7685F2721C0B1E3000E6F39D /* UIKit.framework in Frameworks */ = {isa = PBXBuildFile; fileRef = 7685F2711C0B1E3000E6F39D /* UIKit.framework */; };
		7685F2741C0B1E3900E6F39D /* Foundation.framework in Frameworks */ = {isa = PBXBuildFile; fileRef = 7685F2731C0B1E3900E6F39D /* Foundation.framework */; };
		7685F2BE1C0B377D00E6F39D /* HomeViewController.m in Sources */ = {isa = PBXBuildFile; fileRef = 7685F2BD1C0B377D00E6F39D /* HomeViewController.m */; };
		7685F2C11C0B396200E6F39D /* NewRunViewController.m in Sources */ = {isa = PBXBuildFile; fileRef = 7685F2C01C0B396200E6F39D /* NewRunViewController.m */; };
		768A0B2A1CD047FF00B25246 /* badge29.png in Resources */ = {isa = PBXBuildFile; fileRef = 768A0B281CD047FF00B25246 /* badge29.png */; };
		768A0B2B1CD047FF00B25246 /* badge30.png in Resources */ = {isa = PBXBuildFile; fileRef = 768A0B291CD047FF00B25246 /* badge30.png */; };
		768A0B2E1CD0485600B25246 /* badge2.png in Resources */ = {isa = PBXBuildFile; fileRef = 768A0B2C1CD0485600B25246 /* badge2.png */; };
		768A0B2F1CD0485600B25246 /* badge1.png in Resources */ = {isa = PBXBuildFile; fileRef = 768A0B2D1CD0485600B25246 /* badge1.png */; };
		768C0A6E1CA8A9FB00D4B135 /* Photos.framework in Frameworks */ = {isa = PBXBuildFile; fileRef = 768C0A6D1CA8A9FB00D4B135 /* Photos.framework */; };
		769463A61CCAA3280053F5E4 /* gradient-strip-bottom-main-screen.png in Resources */ = {isa = PBXBuildFile; fileRef = 769463A51CCAA3280053F5E4 /* gradient-strip-bottom-main-screen.png */; };
		769463A81CCAA33F0053F5E4 /* gradient-strip-top.png in Resources */ = {isa = PBXBuildFile; fileRef = 769463A71CCAA33F0053F5E4 /* gradient-strip-top.png */; };
		76967B371CD41E56006F6AF0 /* SS.png in Resources */ = {isa = PBXBuildFile; fileRef = 76967B361CD41E56006F6AF0 /* SS.png */; };
		76A94D631CA3380000CE2D81 /* AVFoundation.framework in Frameworks */ = {isa = PBXBuildFile; fileRef = 76A94D621CA3380000CE2D81 /* AVFoundation.framework */; };
		76A94D681CA339E500CE2D81 /* Filter.m in Sources */ = {isa = PBXBuildFile; fileRef = 76A94D651CA339E500CE2D81 /* Filter.m */; };
		76A94D691CA339E500CE2D81 /* PulseDetector.mm in Sources */ = {isa = PBXBuildFile; fileRef = 76A94D671CA339E500CE2D81 /* PulseDetector.mm */; };
		76A94D6C1CA339F800CE2D81 /* HeartRateViewController.m in Sources */ = {isa = PBXBuildFile; fileRef = 76A94D6B1CA339F800CE2D81 /* HeartRateViewController.m */; };
		76B91AC31C236F2E007537D1 /* Badge.m in Sources */ = {isa = PBXBuildFile; fileRef = 76B91AC21C236F2E007537D1 /* Badge.m */; };
		76B91AC61C237061007537D1 /* BadgeController.m in Sources */ = {isa = PBXBuildFile; fileRef = 76B91AC51C237061007537D1 /* BadgeController.m */; };
		76B91ACB1C2380AB007537D1 /* BadgeEarnStatus.m in Sources */ = {isa = PBXBuildFile; fileRef = 76B91ACA1C2380AB007537D1 /* BadgeEarnStatus.m */; };
		76B91ACE1C238862007537D1 /* BadgeCell.m in Sources */ = {isa = PBXBuildFile; fileRef = 76B91ACD1C238862007537D1 /* BadgeCell.m */; };
		76B91AD11C2388BD007537D1 /* BadgesTableViewController.m in Sources */ = {isa = PBXBuildFile; fileRef = 76B91AD01C2388BD007537D1 /* BadgesTableViewController.m */; };
		76D0DF001CCC4305008B8FBA /* badge3.png in Resources */ = {isa = PBXBuildFile; fileRef = 76D0DEE21CCC4305008B8FBA /* badge3.png */; };
		76D0DF011CCC4305008B8FBA /* badge4.png in Resources */ = {isa = PBXBuildFile; fileRef = 76D0DEE31CCC4305008B8FBA /* badge4.png */; };
		76D0DF021CCC4305008B8FBA /* badge5.png in Resources */ = {isa = PBXBuildFile; fileRef = 76D0DEE41CCC4305008B8FBA /* badge5.png */; };
		76D0DF031CCC4305008B8FBA /* badge6.png in Resources */ = {isa = PBXBuildFile; fileRef = 76D0DEE51CCC4305008B8FBA /* badge6.png */; };
		76D0DF041CCC4305008B8FBA /* badge7.png in Resources */ = {isa = PBXBuildFile; fileRef = 76D0DEE61CCC4305008B8FBA /* badge7.png */; };
		76D0DF051CCC4305008B8FBA /* badge8.png in Resources */ = {isa = PBXBuildFile; fileRef = 76D0DEE71CCC4305008B8FBA /* badge8.png */; };
		76D0DF061CCC4305008B8FBA /* badge9.png in Resources */ = {isa = PBXBuildFile; fileRef = 76D0DEE81CCC4305008B8FBA /* badge9.png */; };
		76D0DF071CCC4305008B8FBA /* badge10.png in Resources */ = {isa = PBXBuildFile; fileRef = 76D0DEE91CCC4305008B8FBA /* badge10.png */; };
		76D0DF081CCC4305008B8FBA /* badge11.png in Resources */ = {isa = PBXBuildFile; fileRef = 76D0DEEA1CCC4305008B8FBA /* badge11.png */; };
		76D0DF091CCC4305008B8FBA /* badge12.png in Resources */ = {isa = PBXBuildFile; fileRef = 76D0DEEB1CCC4305008B8FBA /* badge12.png */; };
		76D0DF0A1CCC4305008B8FBA /* badge13.png in Resources */ = {isa = PBXBuildFile; fileRef = 76D0DEEC1CCC4305008B8FBA /* badge13.png */; };
		76D0DF0B1CCC4305008B8FBA /* badge14.png in Resources */ = {isa = PBXBuildFile; fileRef = 76D0DEED1CCC4305008B8FBA /* badge14.png */; };
		76D0DF0C1CCC4305008B8FBA /* badge15.png in Resources */ = {isa = PBXBuildFile; fileRef = 76D0DEEE1CCC4305008B8FBA /* badge15.png */; };
		76D0DF0D1CCC4305008B8FBA /* badge16.png in Resources */ = {isa = PBXBuildFile; fileRef = 76D0DEEF1CCC4305008B8FBA /* badge16.png */; };
		76D0DF0E1CCC4305008B8FBA /* badge17.png in Resources */ = {isa = PBXBuildFile; fileRef = 76D0DEF01CCC4305008B8FBA /* badge17.png */; };
		76D0DF0F1CCC4305008B8FBA /* badge18.png in Resources */ = {isa = PBXBuildFile; fileRef = 76D0DEF11CCC4305008B8FBA /* badge18.png */; };
		76D0DF101CCC4305008B8FBA /* badge19.png in Resources */ = {isa = PBXBuildFile; fileRef = 76D0DEF21CCC4305008B8FBA /* badge19.png */; };
		76D0DF111CCC4305008B8FBA /* badge20.png in Resources */ = {isa = PBXBuildFile; fileRef = 76D0DEF31CCC4305008B8FBA /* badge20.png */; };
		76D0DF121CCC4305008B8FBA /* badge21.png in Resources */ = {isa = PBXBuildFile; fileRef = 76D0DEF41CCC4305008B8FBA /* badge21.png */; };
		76D0DF131CCC4305008B8FBA /* badge22.png in Resources */ = {isa = PBXBuildFile; fileRef = 76D0DEF51CCC4305008B8FBA /* badge22.png */; };
		76D0DF141CCC4305008B8FBA /* badge23.png in Resources */ = {isa = PBXBuildFile; fileRef = 76D0DEF61CCC4305008B8FBA /* badge23.png */; };
		76D0DF151CCC4305008B8FBA /* badge24.png in Resources */ = {isa = PBXBuildFile; fileRef = 76D0DEF71CCC4305008B8FBA /* badge24.png */; };
		76D0DF161CCC4305008B8FBA /* badge25.png in Resources */ = {isa = PBXBuildFile; fileRef = 76D0DEF81CCC4305008B8FBA /* badge25.png */; };
		76D0DF171CCC4305008B8FBA /* badge26.png in Resources */ = {isa = PBXBuildFile; fileRef = 76D0DEF91CCC4305008B8FBA /* badge26.png */; };
		76D0DF181CCC4305008B8FBA /* badge27.png in Resources */ = {isa = PBXBuildFile; fileRef = 76D0DEFA1CCC4305008B8FBA /* badge27.png */; };
		76D0DF191CCC4305008B8FBA /* badge28.png in Resources */ = {isa = PBXBuildFile; fileRef = 76D0DEFB1CCC4305008B8FBA /* badge28.png */; };
		76DBDE7E1C8F69FE003389D2 /* stopNewRun.png in Resources */ = {isa = PBXBuildFile; fileRef = 76DBDE7D1C8F69FE003389D2 /* stopNewRun.png */; };
		76EA71AC1CCAF54700E6A63C /* mediaM-active.png in Resources */ = {isa = PBXBuildFile; fileRef = 76EA71AB1CCAF54700E6A63C /* mediaM-active.png */; };
		76EA71AF1CCAF62800E6A63C /* badgesB-active.png in Resources */ = {isa = PBXBuildFile; fileRef = 76EA71AD1CCAF62800E6A63C /* badgesB-active.png */; };
		76EA71B41CCAF70600E6A63C /* past-runs-activeT.png in Resources */ = {isa = PBXBuildFile; fileRef = 76EA71B21CCAF70600E6A63C /* past-runs-activeT.png */; };
		76EA71B61CCAF80B00E6A63C /* compass-button.png in Resources */ = {isa = PBXBuildFile; fileRef = 76EA71B51CCAF80B00E6A63C /* compass-button.png */; };
		76EED0D91C457FEB00EB48CB /* BadgeAnnotation.m in Sources */ = {isa = PBXBuildFile; fileRef = 76EED0D81C457FEB00EB48CB /* BadgeAnnotation.m */; };
		76FF39D11CD9586000180450 /* stop-button@3x.png in Resources */ = {isa = PBXBuildFile; fileRef = 76FF39D01CD9586000180450 /* stop-button@3x.png */; };
		76FF39D31CD9590000180450 /* start-button@3x.png in Resources */ = {isa = PBXBuildFile; fileRef = 76FF39D21CD9590000180450 /* start-button@3x.png */; };
		76FF39D51CD9596200180450 /* pause-button@3x.png in Resources */ = {isa = PBXBuildFile; fileRef = 76FF39D41CD9596200180450 /* pause-button@3x.png */; };
		76FF39F01C2A0BBA00D3C6A7 /* PastRunsViewController.m in Sources */ = {isa = PBXBuildFile; fileRef = 76FF39EF1C2A0BBA00D3C6A7 /* PastRunsViewController.m */; };
		76FF39F31C2A0CB500D3C6A7 /* RunCell.m in Sources */ = {isa = PBXBuildFile; fileRef = 76FF39F21C2A0CB500D3C6A7 /* RunCell.m */; };
/* End PBXBuildFile section */

/* Begin PBXContainerItemProxy section */
		7685F2431C0B190700E6F39D /* PBXContainerItemProxy */ = {
			isa = PBXContainerItemProxy;
			containerPortal = 7685F21B1C0B190700E6F39D /* Project object */;
			proxyType = 1;
			remoteGlobalIDString = 7685F2221C0B190700E6F39D;
			remoteInfo = Tracker_1;
		};
		7685F24E1C0B190700E6F39D /* PBXContainerItemProxy */ = {
			isa = PBXContainerItemProxy;
			containerPortal = 7685F21B1C0B190700E6F39D /* Project object */;
			proxyType = 1;
			remoteGlobalIDString = 7685F2221C0B190700E6F39D;
			remoteInfo = Tracker_1;
		};
/* End PBXContainerItemProxy section */

/* Begin PBXFileReference section */
		76192CF41C9A1182006F5EE6 /* Base */ = {isa = PBXFileReference; lastKnownFileType = file.storyboard; name = Base; path = Base.lproj/Main.storyboard; sourceTree = "<group>"; };
		761B05AE1CB86FFE0091C2FF /* Trophy.png */ = {isa = PBXFileReference; lastKnownFileType = image.png; path = Trophy.png; sourceTree = "<group>"; };
		761B05B01CB870A00091C2FF /* Trophy1.png */ = {isa = PBXFileReference; lastKnownFileType = image.png; path = Trophy1.png; sourceTree = "<group>"; };
		761CF5821CD95B12003A3433 /* resume-button@3x.png */ = {isa = PBXFileReference; lastKnownFileType = image.png; path = "resume-button@3x.png"; sourceTree = "<group>"; };
		761FBE481CA5E83300F555CF /* AudioToolbox.framework */ = {isa = PBXFileReference; lastKnownFileType = wrapper.framework; name = AudioToolbox.framework; path = System/Library/Frameworks/AudioToolbox.framework; sourceTree = SDKROOT; };
		761FBE4A1CA5E84400F555CF /* CoreAudio.framework */ = {isa = PBXFileReference; lastKnownFileType = wrapper.framework; name = CoreAudio.framework; path = System/Library/Frameworks/CoreAudio.framework; sourceTree = SDKROOT; };
		761FBE4C1CA5E85400F555CF /* AVKit.framework */ = {isa = PBXFileReference; lastKnownFileType = wrapper.framework; name = AVKit.framework; path = System/Library/Frameworks/AVKit.framework; sourceTree = SDKROOT; };
		761FBE4E1CA5E86500F555CF /* QuartzCore.framework */ = {isa = PBXFileReference; lastKnownFileType = wrapper.framework; name = QuartzCore.framework; path = System/Library/Frameworks/QuartzCore.framework; sourceTree = SDKROOT; };
		761FBE501CA5E87100F555CF /* MobileCoreServices.framework */ = {isa = PBXFileReference; lastKnownFileType = wrapper.framework; name = MobileCoreServices.framework; path = System/Library/Frameworks/MobileCoreServices.framework; sourceTree = SDKROOT; };
		761FBE521CA5E88100F555CF /* MediaPlayer.framework */ = {isa = PBXFileReference; lastKnownFileType = wrapper.framework; name = MediaPlayer.framework; path = System/Library/Frameworks/MediaPlayer.framework; sourceTree = SDKROOT; };
		761FBE541CA5E88D00F555CF /* CoreMedia.framework */ = {isa = PBXFileReference; lastKnownFileType = wrapper.framework; name = CoreMedia.framework; path = System/Library/Frameworks/CoreMedia.framework; sourceTree = SDKROOT; };
		761FBE561CA5E89B00F555CF /* AssetsLibrary.framework */ = {isa = PBXFileReference; lastKnownFileType = wrapper.framework; name = AssetsLibrary.framework; path = System/Library/Frameworks/AssetsLibrary.framework; sourceTree = SDKROOT; };
		761FED8E1C24922D006FF374 /* MulticolorPolylineSegment.h */ = {isa = PBXFileReference; fileEncoding = 4; lastKnownFileType = sourcecode.c.h; name = MulticolorPolylineSegment.h; path = ../MulticolorPolylineSegment.h; sourceTree = "<group>"; };
		761FED8F1C24922D006FF374 /* MulticolorPolylineSegment.m */ = {isa = PBXFileReference; fileEncoding = 4; lastKnownFileType = sourcecode.c.objc; name = MulticolorPolylineSegment.m; path = ../MulticolorPolylineSegment.m; sourceTree = "<group>"; };
		762185BF1CC0470A002FD7B8 /* PopupBackgroundView.h */ = {isa = PBXFileReference; fileEncoding = 4; lastKnownFileType = sourcecode.c.h; path = PopupBackgroundView.h; sourceTree = "<group>"; };
		762185C01CC0470A002FD7B8 /* PopupBackgroundView.m */ = {isa = PBXFileReference; fileEncoding = 4; lastKnownFileType = sourcecode.c.objc; path = PopupBackgroundView.m; sourceTree = "<group>"; };
		762185C11CC0470A002FD7B8 /* PopupViewAnimationFade.h */ = {isa = PBXFileReference; fileEncoding = 4; lastKnownFileType = sourcecode.c.h; path = PopupViewAnimationFade.h; sourceTree = "<group>"; };
		762185C21CC0470A002FD7B8 /* PopupViewAnimationFade.m */ = {isa = PBXFileReference; fileEncoding = 4; lastKnownFileType = sourcecode.c.objc; path = PopupViewAnimationFade.m; sourceTree = "<group>"; };
		762185C31CC0470A002FD7B8 /* UIViewController+popupViewController.h */ = {isa = PBXFileReference; fileEncoding = 4; lastKnownFileType = sourcecode.c.h; path = "UIViewController+popupViewController.h"; sourceTree = "<group>"; };
		762185C41CC0470A002FD7B8 /* UIViewController+popupViewController.m */ = {isa = PBXFileReference; fileEncoding = 4; lastKnownFileType = sourcecode.c.objc; path = "UIViewController+popupViewController.m"; sourceTree = "<group>"; };
		762185C51CC0470A002FD7B8 /* PopupView.xib */ = {isa = PBXFileReference; fileEncoding = 4; lastKnownFileType = file.xib; path = PopupView.xib; sourceTree = "<group>"; };
		762185C61CC0470A002FD7B8 /* PopupView.h */ = {isa = PBXFileReference; fileEncoding = 4; lastKnownFileType = sourcecode.c.h; path = PopupView.h; sourceTree = "<group>"; };
		762185C71CC0470A002FD7B8 /* PopupView.m */ = {isa = PBXFileReference; fileEncoding = 4; lastKnownFileType = sourcecode.c.objc; path = PopupView.m; sourceTree = "<group>"; };
		76221F2C1CB57F77001EF511 /* MediaViewController.h */ = {isa = PBXFileReference; fileEncoding = 4; lastKnownFileType = sourcecode.c.h; path = MediaViewController.h; sourceTree = "<group>"; };
		76221F2D1CB57F77001EF511 /* MediaViewController.m */ = {isa = PBXFileReference; fileEncoding = 4; lastKnownFileType = sourcecode.c.objc; path = MediaViewController.m; sourceTree = "<group>"; };
		76221F2E1CB57F77001EF511 /* FiltersViewController.h */ = {isa = PBXFileReference; fileEncoding = 4; lastKnownFileType = sourcecode.c.h; path = FiltersViewController.h; sourceTree = "<group>"; };
		76221F2F1CB57F77001EF511 /* FiltersViewController.m */ = {isa = PBXFileReference; fileEncoding = 4; lastKnownFileType = sourcecode.c.objc; path = FiltersViewController.m; sourceTree = "<group>"; };
		76221F301CB57F77001EF511 /* Filters.h */ = {isa = PBXFileReference; fileEncoding = 4; lastKnownFileType = sourcecode.c.h; path = Filters.h; sourceTree = "<group>"; };
		76221F311CB57F77001EF511 /* Filters.m */ = {isa = PBXFileReference; fileEncoding = 4; lastKnownFileType = sourcecode.c.objc; path = Filters.m; sourceTree = "<group>"; };
		76221F321CB57F77001EF511 /* ThumbNail.h */ = {isa = PBXFileReference; fileEncoding = 4; lastKnownFileType = sourcecode.c.h; path = ThumbNail.h; sourceTree = "<group>"; };
		76221F331CB57F77001EF511 /* ThumbNail.m */ = {isa = PBXFileReference; fileEncoding = 4; lastKnownFileType = sourcecode.c.objc; path = ThumbNail.m; sourceTree = "<group>"; };
		76266F6D1CCDAFB700854963 /* heart-rate-monitor.png */ = {isa = PBXFileReference; lastKnownFileType = image.png; path = "heart-rate-monitor.png"; sourceTree = "<group>"; };
		76266F6F1CCDB00200854963 /* SilverG.png */ = {isa = PBXFileReference; lastKnownFileType = image.png; path = SilverG.png; sourceTree = "<group>"; };
		76266F701CCDB00200854963 /* GoldG.png */ = {isa = PBXFileReference; lastKnownFileType = image.png; path = GoldG.png; sourceTree = "<group>"; };
		76266F731CCDB04500854963 /* mapPin@2x.png */ = {isa = PBXFileReference; lastKnownFileType = image.png; path = "mapPin@2x.png"; sourceTree = "<group>"; };
		76266F7D1CCDB5E600854963 /* white-circle.png */ = {isa = PBXFileReference; lastKnownFileType = image.png; path = "white-circle.png"; sourceTree = "<group>"; };
		76266F7F1CCDBECF00854963 /* share-button.png */ = {isa = PBXFileReference; lastKnownFileType = image.png; path = "share-button.png"; sourceTree = "<group>"; };
		76266F891CCECEB300854963 /* save-button.png */ = {isa = PBXFileReference; lastKnownFileType = image.png; path = "save-button.png"; sourceTree = "<group>"; };
		76266F8B1CCECF3300854963 /* filters-button.png */ = {isa = PBXFileReference; lastKnownFileType = image.png; path = "filters-button.png"; sourceTree = "<group>"; };
		76266F8D1CCECF6600854963 /* facebook-button.png */ = {isa = PBXFileReference; lastKnownFileType = image.png; path = "facebook-button.png"; sourceTree = "<group>"; };
		76266F8F1CCECF7F00854963 /* twitter-button.png */ = {isa = PBXFileReference; lastKnownFileType = image.png; path = "twitter-button.png"; sourceTree = "<group>"; };
		76266F911CCED00900854963 /* video-button.png */ = {isa = PBXFileReference; lastKnownFileType = image.png; path = "video-button.png"; sourceTree = "<group>"; };
		76266F931CCED02A00854963 /* photo-button.png */ = {isa = PBXFileReference; lastKnownFileType = image.png; path = "photo-button.png"; sourceTree = "<group>"; };
		76266F951CCED04700854963 /* info-icon.png */ = {isa = PBXFileReference; lastKnownFileType = image.png; path = "info-icon.png"; sourceTree = "<group>"; };
		76266F971CCEDCD300854963 /* original-image.png */ = {isa = PBXFileReference; lastKnownFileType = image.png; path = "original-image.png"; sourceTree = "<group>"; };
		76266F9B1CCEE00A00854963 /* Shoot.png */ = {isa = PBXFileReference; lastKnownFileType = image.png; path = Shoot.png; sourceTree = "<group>"; };
		7629A9041C6519E8004A58D1 /* badges.txt */ = {isa = PBXFileReference; fileEncoding = 4; lastKnownFileType = text; path = badges.txt; sourceTree = "<group>"; };
		7632F2451CD6B0A30092FF56 /* badges-all@3x.png */ = {isa = PBXFileReference; lastKnownFileType = image.png; path = "badges-all@3x.png"; sourceTree = "<group>"; };
		7632F2471CD6B0AB0092FF56 /* dismiss-button@3x.png */ = {isa = PBXFileReference; lastKnownFileType = image.png; path = "dismiss-button@3x.png"; sourceTree = "<group>"; };
		7632F2491CD6B2270092FF56 /* monitor-start-button@3x.png */ = {isa = PBXFileReference; lastKnownFileType = image.png; path = "monitor-start-button@3x.png"; sourceTree = "<group>"; };
		7632F24A1CD6B2270092FF56 /* monitor-stop-button@3x.png */ = {isa = PBXFileReference; lastKnownFileType = image.png; path = "monitor-stop-button@3x.png"; sourceTree = "<group>"; };
		763385451CD003F40072ED1E /* start-screen@2x.png */ = {isa = PBXFileReference; lastKnownFileType = image.png; path = "start-screen@2x.png"; sourceTree = "<group>"; };
		763385471CD00A040072ED1E /* runner-photo-portrait (1).jpg */ = {isa = PBXFileReference; lastKnownFileType = image.jpeg; path = "runner-photo-portrait (1).jpg"; sourceTree = "<group>"; };
		763385491CD041860072ED1E /* image.jpg */ = {isa = PBXFileReference; lastKnownFileType = image.jpeg; path = image.jpg; sourceTree = "<group>"; };
		7633854B1CD045E30072ED1E /* screenshot-icon.png */ = {isa = PBXFileReference; lastKnownFileType = image.png; path = "screenshot-icon.png"; sourceTree = "<group>"; };
		763D7ED91CDBFC0500A7A986 /* extra-mile-iOS-icon-2_@3x.png */ = {isa = PBXFileReference; lastKnownFileType = image.png; path = "extra-mile-iOS-icon-2_@3x.png"; sourceTree = "<group>"; };
		763D7EDB1CDBFD1600A7A986 /* icon1.png */ = {isa = PBXFileReference; lastKnownFileType = image.png; path = icon1.png; sourceTree = "<group>"; };
		763F2E591CD3F19C0089E5CA /* compass_needle.png */ = {isa = PBXFileReference; lastKnownFileType = image.png; path = compass_needle.png; sourceTree = "<group>"; };
		764B7A611CBEC478008277E9 /* MessageUI.framework */ = {isa = PBXFileReference; lastKnownFileType = wrapper.framework; name = MessageUI.framework; path = System/Library/Frameworks/MessageUI.framework; sourceTree = SDKROOT; };
		764B7A631CBEC590008277E9 /* SWShareScreenShot.h */ = {isa = PBXFileReference; fileEncoding = 4; lastKnownFileType = sourcecode.c.h; path = SWShareScreenShot.h; sourceTree = "<group>"; };
		764B7A641CBEC590008277E9 /* SWShareScreenShot.m */ = {isa = PBXFileReference; fileEncoding = 4; lastKnownFileType = sourcecode.c.objc; path = SWShareScreenShot.m; sourceTree = "<group>"; };
		764B7A651CBEC590008277E9 /* SWDetailViewController.h */ = {isa = PBXFileReference; fileEncoding = 4; lastKnownFileType = sourcecode.c.h; path = SWDetailViewController.h; sourceTree = "<group>"; };
		764B7A661CBEC590008277E9 /* SWDetailViewController.m */ = {isa = PBXFileReference; fileEncoding = 4; lastKnownFileType = sourcecode.c.objc; path = SWDetailViewController.m; sourceTree = "<group>"; };
		764B7A6B1CBEF396008277E9 /* Screenshot1.png */ = {isa = PBXFileReference; lastKnownFileType = image.png; path = Screenshot1.png; sourceTree = "<group>"; };
		764BCECB1C0C1CAA008AFF67 /* CoreLocation.framework */ = {isa = PBXFileReference; lastKnownFileType = wrapper.framework; name = CoreLocation.framework; path = System/Library/Frameworks/CoreLocation.framework; sourceTree = SDKROOT; };
		764BCED01C0C4F0D008AFF67 /* Math.h */ = {isa = PBXFileReference; fileEncoding = 4; lastKnownFileType = sourcecode.c.h; path = Math.h; sourceTree = "<group>"; };
		764BCED11C0C4F0D008AFF67 /* Math.m */ = {isa = PBXFileReference; fileEncoding = 4; lastKnownFileType = sourcecode.c.objc; path = Math.m; sourceTree = "<group>"; };
		7668F12D1C2B50BB003C2E03 /* BadgeDetailsViewController.h */ = {isa = PBXFileReference; fileEncoding = 4; lastKnownFileType = sourcecode.c.h; name = BadgeDetailsViewController.h; path = ../BadgeDetailsViewController.h; sourceTree = "<group>"; };
		7668F12E1C2B50BB003C2E03 /* BadgeDetailsViewController.m */ = {isa = PBXFileReference; fileEncoding = 4; lastKnownFileType = sourcecode.c.objc; name = BadgeDetailsViewController.m; path = ../BadgeDetailsViewController.m; sourceTree = "<group>"; };
		7671626E1CD1515B003AA64D /* badge-datail-background.png */ = {isa = PBXFileReference; lastKnownFileType = image.png; path = "badge-datail-background.png"; sourceTree = "<group>"; };
		7673D3591CBB2B4D00F2F452 /* gallery2.png */ = {isa = PBXFileReference; lastKnownFileType = image.png; path = gallery2.png; sourceTree = "<group>"; };
		7673D35C1CBB2D2700F2F452 /* save.png */ = {isa = PBXFileReference; lastKnownFileType = image.png; path = save.png; sourceTree = "<group>"; };
		7673D3601CBB313700F2F452 /* TakePhoto.png */ = {isa = PBXFileReference; lastKnownFileType = image.png; path = TakePhoto.png; sourceTree = "<group>"; };
		76814BBC1CDA9C570022699D /* load-button@3x.png */ = {isa = PBXFileReference; lastKnownFileType = image.png; path = "load-button@3x.png"; sourceTree = "<group>"; };
		76814BC01CDAB0820022699D /* filtered-image.png */ = {isa = PBXFileReference; lastKnownFileType = image.png; path = "filtered-image.png"; sourceTree = "<group>"; };
		76814BC21CDAB1D90022699D /* past-runsT.png */ = {isa = PBXFileReference; lastKnownFileType = image.png; path = "past-runsT.png"; sourceTree = "<group>"; };
		76814BC41CDAB2980022699D /* badgesB.png */ = {isa = PBXFileReference; lastKnownFileType = image.png; path = badgesB.png; sourceTree = "<group>"; };
		76814BC61CDAB51D0022699D /* mediaM.png */ = {isa = PBXFileReference; lastKnownFileType = image.png; path = mediaM.png; sourceTree = "<group>"; };
		76814BC81CDAB5BD0022699D /* heart-monitor.png */ = {isa = PBXFileReference; lastKnownFileType = image.png; path = "heart-monitor.png"; sourceTree = "<group>"; };
		7683EBA81CCAEC0200CA9BE1 /* start-my-workout.png */ = {isa = PBXFileReference; lastKnownFileType = image.png; path = "start-my-workout.png"; sourceTree = "<group>"; };
		7683EBAA1CCAF29900CA9BE1 /* heart-monitor-active.png */ = {isa = PBXFileReference; lastKnownFileType = image.png; path = "heart-monitor-active.png"; sourceTree = "<group>"; };
		7685F2231C0B190700E6F39D /* Tracker_1.app */ = {isa = PBXFileReference; explicitFileType = wrapper.application; includeInIndex = 0; path = Tracker_1.app; sourceTree = BUILT_PRODUCTS_DIR; };
		7685F2271C0B190700E6F39D /* main.m */ = {isa = PBXFileReference; lastKnownFileType = sourcecode.c.objc; path = main.m; sourceTree = "<group>"; };
		7685F2291C0B190700E6F39D /* AppDelegate.h */ = {isa = PBXFileReference; lastKnownFileType = sourcecode.c.h; path = AppDelegate.h; sourceTree = "<group>"; };
		7685F22A1C0B190700E6F39D /* AppDelegate.m */ = {isa = PBXFileReference; lastKnownFileType = sourcecode.c.objc; path = AppDelegate.m; sourceTree = "<group>"; };
		7685F22D1C0B190700E6F39D /* Tracker_1.xcdatamodel */ = {isa = PBXFileReference; lastKnownFileType = wrapper.xcdatamodel; path = Tracker_1.xcdatamodel; sourceTree = "<group>"; };
		7685F2321C0B190700E6F39D /* DetailViewController.h */ = {isa = PBXFileReference; lastKnownFileType = sourcecode.c.h; path = DetailViewController.h; sourceTree = "<group>"; };
		7685F2331C0B190700E6F39D /* DetailViewController.m */ = {isa = PBXFileReference; lastKnownFileType = sourcecode.c.objc; path = DetailViewController.m; sourceTree = "<group>"; };
		7685F2381C0B190700E6F39D /* Assets.xcassets */ = {isa = PBXFileReference; lastKnownFileType = folder.assetcatalog; path = Assets.xcassets; sourceTree = "<group>"; };
		7685F23B1C0B190700E6F39D /* Base */ = {isa = PBXFileReference; lastKnownFileType = file.storyboard; name = Base; path = Base.lproj/LaunchScreen.storyboard; sourceTree = "<group>"; };
		7685F23D1C0B190700E6F39D /* Info.plist */ = {isa = PBXFileReference; lastKnownFileType = text.plist.xml; path = Info.plist; sourceTree = "<group>"; };
		7685F2421C0B190700E6F39D /* Tracker_1Tests.xctest */ = {isa = PBXFileReference; explicitFileType = wrapper.cfbundle; includeInIndex = 0; path = Tracker_1Tests.xctest; sourceTree = BUILT_PRODUCTS_DIR; };
		7685F2461C0B190700E6F39D /* Tracker_1Tests.m */ = {isa = PBXFileReference; lastKnownFileType = sourcecode.c.objc; path = Tracker_1Tests.m; sourceTree = "<group>"; };
		7685F2481C0B190700E6F39D /* Info.plist */ = {isa = PBXFileReference; lastKnownFileType = text.plist.xml; path = Info.plist; sourceTree = "<group>"; };
		7685F24D1C0B190700E6F39D /* Tracker_1UITests.xctest */ = {isa = PBXFileReference; explicitFileType = wrapper.cfbundle; includeInIndex = 0; path = Tracker_1UITests.xctest; sourceTree = BUILT_PRODUCTS_DIR; };
		7685F2511C0B190700E6F39D /* Tracker_1UITests.m */ = {isa = PBXFileReference; lastKnownFileType = sourcecode.c.objc; path = Tracker_1UITests.m; sourceTree = "<group>"; };
		7685F2531C0B190700E6F39D /* Info.plist */ = {isa = PBXFileReference; lastKnownFileType = text.plist.xml; path = Info.plist; sourceTree = "<group>"; };
		7685F25F1C0B1DEC00E6F39D /* Location+CoreDataProperties.h */ = {isa = PBXFileReference; fileEncoding = 4; lastKnownFileType = sourcecode.c.h; path = "Location+CoreDataProperties.h"; sourceTree = "<group>"; };
		7685F2601C0B1DEC00E6F39D /* Location+CoreDataProperties.m */ = {isa = PBXFileReference; fileEncoding = 4; lastKnownFileType = sourcecode.c.objc; path = "Location+CoreDataProperties.m"; sourceTree = "<group>"; };
		7685F2611C0B1DEC00E6F39D /* Location.h */ = {isa = PBXFileReference; fileEncoding = 4; lastKnownFileType = sourcecode.c.h; path = Location.h; sourceTree = "<group>"; };
		7685F2621C0B1DEC00E6F39D /* Location.m */ = {isa = PBXFileReference; fileEncoding = 4; lastKnownFileType = sourcecode.c.objc; path = Location.m; sourceTree = "<group>"; };
		7685F2631C0B1DEC00E6F39D /* Run+CoreDataProperties.h */ = {isa = PBXFileReference; fileEncoding = 4; lastKnownFileType = sourcecode.c.h; path = "Run+CoreDataProperties.h"; sourceTree = "<group>"; };
		7685F2641C0B1DEC00E6F39D /* Run+CoreDataProperties.m */ = {isa = PBXFileReference; fileEncoding = 4; lastKnownFileType = sourcecode.c.objc; path = "Run+CoreDataProperties.m"; sourceTree = "<group>"; };
		7685F2651C0B1DEC00E6F39D /* Run.h */ = {isa = PBXFileReference; fileEncoding = 4; lastKnownFileType = sourcecode.c.h; path = Run.h; sourceTree = "<group>"; };
		7685F2661C0B1DEC00E6F39D /* Run.m */ = {isa = PBXFileReference; fileEncoding = 4; lastKnownFileType = sourcecode.c.objc; path = Run.m; sourceTree = "<group>"; };
		7685F26B1C0B1E1200E6F39D /* MapKit.framework */ = {isa = PBXFileReference; lastKnownFileType = wrapper.framework; name = MapKit.framework; path = System/Library/Frameworks/MapKit.framework; sourceTree = SDKROOT; };
		7685F26D1C0B1E1B00E6F39D /* CoreGraphics.framework */ = {isa = PBXFileReference; lastKnownFileType = wrapper.framework; name = CoreGraphics.framework; path = System/Library/Frameworks/CoreGraphics.framework; sourceTree = SDKROOT; };
		7685F26F1C0B1E2500E6F39D /* CoreData.framework */ = {isa = PBXFileReference; lastKnownFileType = wrapper.framework; name = CoreData.framework; path = System/Library/Frameworks/CoreData.framework; sourceTree = SDKROOT; };
		7685F2711C0B1E3000E6F39D /* UIKit.framework */ = {isa = PBXFileReference; lastKnownFileType = wrapper.framework; name = UIKit.framework; path = System/Library/Frameworks/UIKit.framework; sourceTree = SDKROOT; };
		7685F2731C0B1E3900E6F39D /* Foundation.framework */ = {isa = PBXFileReference; lastKnownFileType = wrapper.framework; name = Foundation.framework; path = System/Library/Frameworks/Foundation.framework; sourceTree = SDKROOT; };
		7685F2BC1C0B377D00E6F39D /* HomeViewController.h */ = {isa = PBXFileReference; fileEncoding = 4; lastKnownFileType = sourcecode.c.h; name = HomeViewController.h; path = ../HomeViewController.h; sourceTree = "<group>"; };
		7685F2BD1C0B377D00E6F39D /* HomeViewController.m */ = {isa = PBXFileReference; fileEncoding = 4; lastKnownFileType = sourcecode.c.objc; name = HomeViewController.m; path = ../HomeViewController.m; sourceTree = "<group>"; };
		7685F2BF1C0B396200E6F39D /* NewRunViewController.h */ = {isa = PBXFileReference; fileEncoding = 4; lastKnownFileType = sourcecode.c.h; name = NewRunViewController.h; path = ../NewRunViewController.h; sourceTree = "<group>"; };
		7685F2C01C0B396200E6F39D /* NewRunViewController.m */ = {isa = PBXFileReference; fileEncoding = 4; lastKnownFileType = sourcecode.c.objc; name = NewRunViewController.m; path = ../NewRunViewController.m; sourceTree = "<group>"; };
		768A0B281CD047FF00B25246 /* badge29.png */ = {isa = PBXFileReference; lastKnownFileType = image.png; path = badge29.png; sourceTree = "<group>"; };
		768A0B291CD047FF00B25246 /* badge30.png */ = {isa = PBXFileReference; lastKnownFileType = image.png; path = badge30.png; sourceTree = "<group>"; };
		768A0B2C1CD0485600B25246 /* badge2.png */ = {isa = PBXFileReference; lastKnownFileType = image.png; path = badge2.png; sourceTree = "<group>"; };
		768A0B2D1CD0485600B25246 /* badge1.png */ = {isa = PBXFileReference; lastKnownFileType = image.png; path = badge1.png; sourceTree = "<group>"; };
		768C0A6D1CA8A9FB00D4B135 /* Photos.framework */ = {isa = PBXFileReference; lastKnownFileType = wrapper.framework; name = Photos.framework; path = System/Library/Frameworks/Photos.framework; sourceTree = SDKROOT; };
		769463A51CCAA3280053F5E4 /* gradient-strip-bottom-main-screen.png */ = {isa = PBXFileReference; lastKnownFileType = image.png; path = "gradient-strip-bottom-main-screen.png"; sourceTree = "<group>"; };
		769463A71CCAA33F0053F5E4 /* gradient-strip-top.png */ = {isa = PBXFileReference; lastKnownFileType = image.png; path = "gradient-strip-top.png"; sourceTree = "<group>"; };
		76967B361CD41E56006F6AF0 /* SS.png */ = {isa = PBXFileReference; lastKnownFileType = image.png; path = SS.png; sourceTree = "<group>"; };
		76A94D621CA3380000CE2D81 /* AVFoundation.framework */ = {isa = PBXFileReference; lastKnownFileType = wrapper.framework; name = AVFoundation.framework; path = System/Library/Frameworks/AVFoundation.framework; sourceTree = SDKROOT; };
		76A94D641CA339E500CE2D81 /* Filter.h */ = {isa = PBXFileReference; fileEncoding = 4; lastKnownFileType = sourcecode.c.h; path = Filter.h; sourceTree = "<group>"; };
		76A94D651CA339E500CE2D81 /* Filter.m */ = {isa = PBXFileReference; fileEncoding = 4; lastKnownFileType = sourcecode.c.objc; path = Filter.m; sourceTree = "<group>"; };
		76A94D661CA339E500CE2D81 /* PulseDetector.h */ = {isa = PBXFileReference; fileEncoding = 4; lastKnownFileType = sourcecode.c.h; path = PulseDetector.h; sourceTree = "<group>"; };
		76A94D671CA339E500CE2D81 /* PulseDetector.mm */ = {isa = PBXFileReference; fileEncoding = 4; lastKnownFileType = sourcecode.cpp.objcpp; path = PulseDetector.mm; sourceTree = "<group>"; };
		76A94D6A1CA339F800CE2D81 /* HeartRateViewController.h */ = {isa = PBXFileReference; fileEncoding = 4; lastKnownFileType = sourcecode.c.h; path = HeartRateViewController.h; sourceTree = "<group>"; };
		76A94D6B1CA339F800CE2D81 /* HeartRateViewController.m */ = {isa = PBXFileReference; fileEncoding = 4; lastKnownFileType = sourcecode.c.objc; path = HeartRateViewController.m; sourceTree = "<group>"; };
		76B91AC11C236F2E007537D1 /* Badge.h */ = {isa = PBXFileReference; fileEncoding = 4; lastKnownFileType = sourcecode.c.h; path = Badge.h; sourceTree = "<group>"; };
		76B91AC21C236F2E007537D1 /* Badge.m */ = {isa = PBXFileReference; fileEncoding = 4; lastKnownFileType = sourcecode.c.objc; path = Badge.m; sourceTree = "<group>"; };
		76B91AC41C237061007537D1 /* BadgeController.h */ = {isa = PBXFileReference; fileEncoding = 4; lastKnownFileType = sourcecode.c.h; name = BadgeController.h; path = ../BadgeController.h; sourceTree = "<group>"; };
		76B91AC51C237061007537D1 /* BadgeController.m */ = {isa = PBXFileReference; fileEncoding = 4; lastKnownFileType = sourcecode.c.objc; name = BadgeController.m; path = ../BadgeController.m; sourceTree = "<group>"; };
		76B91AC91C2380AB007537D1 /* BadgeEarnStatus.h */ = {isa = PBXFileReference; fileEncoding = 4; lastKnownFileType = sourcecode.c.h; name = BadgeEarnStatus.h; path = ../BadgeEarnStatus.h; sourceTree = "<group>"; };
		76B91ACA1C2380AB007537D1 /* BadgeEarnStatus.m */ = {isa = PBXFileReference; fileEncoding = 4; lastKnownFileType = sourcecode.c.objc; name = BadgeEarnStatus.m; path = ../BadgeEarnStatus.m; sourceTree = "<group>"; };
		76B91ACC1C238862007537D1 /* BadgeCell.h */ = {isa = PBXFileReference; fileEncoding = 4; lastKnownFileType = sourcecode.c.h; name = BadgeCell.h; path = ../BadgeCell.h; sourceTree = "<group>"; };
		76B91ACD1C238862007537D1 /* BadgeCell.m */ = {isa = PBXFileReference; fileEncoding = 4; lastKnownFileType = sourcecode.c.objc; name = BadgeCell.m; path = ../BadgeCell.m; sourceTree = "<group>"; };
		76B91ACF1C2388BD007537D1 /* BadgesTableViewController.h */ = {isa = PBXFileReference; fileEncoding = 4; lastKnownFileType = sourcecode.c.h; name = BadgesTableViewController.h; path = ../BadgesTableViewController.h; sourceTree = "<group>"; };
		76B91AD01C2388BD007537D1 /* BadgesTableViewController.m */ = {isa = PBXFileReference; fileEncoding = 4; lastKnownFileType = sourcecode.c.objc; name = BadgesTableViewController.m; path = ../BadgesTableViewController.m; sourceTree = "<group>"; };
		76D0DEE21CCC4305008B8FBA /* badge3.png */ = {isa = PBXFileReference; lastKnownFileType = image.png; path = badge3.png; sourceTree = "<group>"; };
		76D0DEE31CCC4305008B8FBA /* badge4.png */ = {isa = PBXFileReference; lastKnownFileType = image.png; path = badge4.png; sourceTree = "<group>"; };
		76D0DEE41CCC4305008B8FBA /* badge5.png */ = {isa = PBXFileReference; lastKnownFileType = image.png; path = badge5.png; sourceTree = "<group>"; };
		76D0DEE51CCC4305008B8FBA /* badge6.png */ = {isa = PBXFileReference; lastKnownFileType = image.png; path = badge6.png; sourceTree = "<group>"; };
		76D0DEE61CCC4305008B8FBA /* badge7.png */ = {isa = PBXFileReference; lastKnownFileType = image.png; path = badge7.png; sourceTree = "<group>"; };
		76D0DEE71CCC4305008B8FBA /* badge8.png */ = {isa = PBXFileReference; lastKnownFileType = image.png; path = badge8.png; sourceTree = "<group>"; };
		76D0DEE81CCC4305008B8FBA /* badge9.png */ = {isa = PBXFileReference; lastKnownFileType = image.png; path = badge9.png; sourceTree = "<group>"; };
		76D0DEE91CCC4305008B8FBA /* badge10.png */ = {isa = PBXFileReference; lastKnownFileType = image.png; path = badge10.png; sourceTree = "<group>"; };
		76D0DEEA1CCC4305008B8FBA /* badge11.png */ = {isa = PBXFileReference; lastKnownFileType = image.png; path = badge11.png; sourceTree = "<group>"; };
		76D0DEEB1CCC4305008B8FBA /* badge12.png */ = {isa = PBXFileReference; lastKnownFileType = image.png; path = badge12.png; sourceTree = "<group>"; };
		76D0DEEC1CCC4305008B8FBA /* badge13.png */ = {isa = PBXFileReference; lastKnownFileType = image.png; path = badge13.png; sourceTree = "<group>"; };
		76D0DEED1CCC4305008B8FBA /* badge14.png */ = {isa = PBXFileReference; lastKnownFileType = image.png; path = badge14.png; sourceTree = "<group>"; };
		76D0DEEE1CCC4305008B8FBA /* badge15.png */ = {isa = PBXFileReference; lastKnownFileType = image.png; path = badge15.png; sourceTree = "<group>"; };
		76D0DEEF1CCC4305008B8FBA /* badge16.png */ = {isa = PBXFileReference; lastKnownFileType = image.png; path = badge16.png; sourceTree = "<group>"; };
		76D0DEF01CCC4305008B8FBA /* badge17.png */ = {isa = PBXFileReference; lastKnownFileType = image.png; path = badge17.png; sourceTree = "<group>"; };
		76D0DEF11CCC4305008B8FBA /* badge18.png */ = {isa = PBXFileReference; lastKnownFileType = image.png; path = badge18.png; sourceTree = "<group>"; };
		76D0DEF21CCC4305008B8FBA /* badge19.png */ = {isa = PBXFileReference; lastKnownFileType = image.png; path = badge19.png; sourceTree = "<group>"; };
		76D0DEF31CCC4305008B8FBA /* badge20.png */ = {isa = PBXFileReference; lastKnownFileType = image.png; path = badge20.png; sourceTree = "<group>"; };
		76D0DEF41CCC4305008B8FBA /* badge21.png */ = {isa = PBXFileReference; lastKnownFileType = image.png; path = badge21.png; sourceTree = "<group>"; };
		76D0DEF51CCC4305008B8FBA /* badge22.png */ = {isa = PBXFileReference; lastKnownFileType = image.png; path = badge22.png; sourceTree = "<group>"; };
		76D0DEF61CCC4305008B8FBA /* badge23.png */ = {isa = PBXFileReference; lastKnownFileType = image.png; path = badge23.png; sourceTree = "<group>"; };
		76D0DEF71CCC4305008B8FBA /* badge24.png */ = {isa = PBXFileReference; lastKnownFileType = image.png; path = badge24.png; sourceTree = "<group>"; };
		76D0DEF81CCC4305008B8FBA /* badge25.png */ = {isa = PBXFileReference; lastKnownFileType = image.png; path = badge25.png; sourceTree = "<group>"; };
		76D0DEF91CCC4305008B8FBA /* badge26.png */ = {isa = PBXFileReference; lastKnownFileType = image.png; path = badge26.png; sourceTree = "<group>"; };
		76D0DEFA1CCC4305008B8FBA /* badge27.png */ = {isa = PBXFileReference; lastKnownFileType = image.png; path = badge27.png; sourceTree = "<group>"; };
		76D0DEFB1CCC4305008B8FBA /* badge28.png */ = {isa = PBXFileReference; lastKnownFileType = image.png; path = badge28.png; sourceTree = "<group>"; };
		76DBDE7D1C8F69FE003389D2 /* stopNewRun.png */ = {isa = PBXFileReference; lastKnownFileType = image.png; path = stopNewRun.png; sourceTree = "<group>"; };
		76EA71AB1CCAF54700E6A63C /* mediaM-active.png */ = {isa = PBXFileReference; lastKnownFileType = image.png; path = "mediaM-active.png"; sourceTree = "<group>"; };
		76EA71AD1CCAF62800E6A63C /* badgesB-active.png */ = {isa = PBXFileReference; lastKnownFileType = image.png; path = "badgesB-active.png"; sourceTree = "<group>"; };
		76EA71B21CCAF70600E6A63C /* past-runs-activeT.png */ = {isa = PBXFileReference; lastKnownFileType = image.png; path = "past-runs-activeT.png"; sourceTree = "<group>"; };
		76EA71B51CCAF80B00E6A63C /* compass-button.png */ = {isa = PBXFileReference; lastKnownFileType = image.png; path = "compass-button.png"; sourceTree = "<group>"; };
		76EED0D71C457FEB00EB48CB /* BadgeAnnotation.h */ = {isa = PBXFileReference; fileEncoding = 4; lastKnownFileType = sourcecode.c.h; path = BadgeAnnotation.h; sourceTree = "<group>"; };
		76EED0D81C457FEB00EB48CB /* BadgeAnnotation.m */ = {isa = PBXFileReference; fileEncoding = 4; lastKnownFileType = sourcecode.c.objc; path = BadgeAnnotation.m; sourceTree = "<group>"; };
		76FF39D01CD9586000180450 /* stop-button@3x.png */ = {isa = PBXFileReference; lastKnownFileType = image.png; path = "stop-button@3x.png"; sourceTree = "<group>"; };
		76FF39D21CD9590000180450 /* start-button@3x.png */ = {isa = PBXFileReference; lastKnownFileType = image.png; path = "start-button@3x.png"; sourceTree = "<group>"; };
		76FF39D41CD9596200180450 /* pause-button@3x.png */ = {isa = PBXFileReference; lastKnownFileType = image.png; path = "pause-button@3x.png"; sourceTree = "<group>"; };
		76FF39EE1C2A0BBA00D3C6A7 /* PastRunsViewController.h */ = {isa = PBXFileReference; fileEncoding = 4; lastKnownFileType = sourcecode.c.h; name = PastRunsViewController.h; path = ../PastRunsViewController.h; sourceTree = "<group>"; };
		76FF39EF1C2A0BBA00D3C6A7 /* PastRunsViewController.m */ = {isa = PBXFileReference; fileEncoding = 4; lastKnownFileType = sourcecode.c.objc; name = PastRunsViewController.m; path = ../PastRunsViewController.m; sourceTree = "<group>"; };
		76FF39F11C2A0CB500D3C6A7 /* RunCell.h */ = {isa = PBXFileReference; fileEncoding = 4; lastKnownFileType = sourcecode.c.h; name = RunCell.h; path = ../RunCell.h; sourceTree = "<group>"; };
		76FF39F21C2A0CB500D3C6A7 /* RunCell.m */ = {isa = PBXFileReference; fileEncoding = 4; lastKnownFileType = sourcecode.c.objc; name = RunCell.m; path = ../RunCell.m; sourceTree = "<group>"; };
/* End PBXFileReference section */

/* Begin PBXFrameworksBuildPhase section */
		7685F2201C0B190700E6F39D /* Frameworks */ = {
			isa = PBXFrameworksBuildPhase;
			buildActionMask = 2147483647;
			files = (
				764B7A621CBEC478008277E9 /* MessageUI.framework in Frameworks */,
				768C0A6E1CA8A9FB00D4B135 /* Photos.framework in Frameworks */,
				761FBE571CA5E89B00F555CF /* AssetsLibrary.framework in Frameworks */,
				761FBE551CA5E88D00F555CF /* CoreMedia.framework in Frameworks */,
				761FBE531CA5E88100F555CF /* MediaPlayer.framework in Frameworks */,
				761FBE511CA5E87100F555CF /* MobileCoreServices.framework in Frameworks */,
				761FBE4F1CA5E86500F555CF /* QuartzCore.framework in Frameworks */,
				761FBE4D1CA5E85400F555CF /* AVKit.framework in Frameworks */,
				761FBE4B1CA5E84400F555CF /* CoreAudio.framework in Frameworks */,
				761FBE491CA5E83300F555CF /* AudioToolbox.framework in Frameworks */,
				76A94D631CA3380000CE2D81 /* AVFoundation.framework in Frameworks */,
				764BCECC1C0C1CAA008AFF67 /* CoreLocation.framework in Frameworks */,
				7685F2741C0B1E3900E6F39D /* Foundation.framework in Frameworks */,
				7685F2721C0B1E3000E6F39D /* UIKit.framework in Frameworks */,
				7685F2701C0B1E2500E6F39D /* CoreData.framework in Frameworks */,
				7685F26E1C0B1E1B00E6F39D /* CoreGraphics.framework in Frameworks */,
				7685F26C1C0B1E1200E6F39D /* MapKit.framework in Frameworks */,
			);
			runOnlyForDeploymentPostprocessing = 0;
		};
		7685F23F1C0B190700E6F39D /* Frameworks */ = {
			isa = PBXFrameworksBuildPhase;
			buildActionMask = 2147483647;
			files = (
			);
			runOnlyForDeploymentPostprocessing = 0;
		};
		7685F24A1C0B190700E6F39D /* Frameworks */ = {
			isa = PBXFrameworksBuildPhase;
			buildActionMask = 2147483647;
			files = (
			);
			runOnlyForDeploymentPostprocessing = 0;
		};
/* End PBXFrameworksBuildPhase section */

/* Begin PBXGroup section */
		7685F21A1C0B190700E6F39D = {
			isa = PBXGroup;
			children = (
				764B7A611CBEC478008277E9 /* MessageUI.framework */,
				7685F2251C0B190700E6F39D /* Tracker_1 */,
				7685F2451C0B190700E6F39D /* Tracker_1Tests */,
				7685F2501C0B190700E6F39D /* Tracker_1UITests */,
				7685F2241C0B190700E6F39D /* Products */,
			);
			sourceTree = "<group>";
		};
		7685F2241C0B190700E6F39D /* Products */ = {
			isa = PBXGroup;
			children = (
				7685F2231C0B190700E6F39D /* Tracker_1.app */,
				7685F2421C0B190700E6F39D /* Tracker_1Tests.xctest */,
				7685F24D1C0B190700E6F39D /* Tracker_1UITests.xctest */,
			);
			name = Products;
			sourceTree = "<group>";
		};
		7685F2251C0B190700E6F39D /* Tracker_1 */ = {
			isa = PBXGroup;
			children = (
				7685F2291C0B190700E6F39D /* AppDelegate.h */,
				7685F22A1C0B190700E6F39D /* AppDelegate.m */,
				7685F2BC1C0B377D00E6F39D /* HomeViewController.h */,
				7685F2BD1C0B377D00E6F39D /* HomeViewController.m */,
				7685F2BF1C0B396200E6F39D /* NewRunViewController.h */,
				7685F2C01C0B396200E6F39D /* NewRunViewController.m */,
				76192CF31C9A1182006F5EE6 /* Main.storyboard */,
				762185BF1CC0470A002FD7B8 /* PopupBackgroundView.h */,
				762185C01CC0470A002FD7B8 /* PopupBackgroundView.m */,
				762185C11CC0470A002FD7B8 /* PopupViewAnimationFade.h */,
				762185C21CC0470A002FD7B8 /* PopupViewAnimationFade.m */,
				762185C31CC0470A002FD7B8 /* UIViewController+popupViewController.h */,
				762185C41CC0470A002FD7B8 /* UIViewController+popupViewController.m */,
				762185C51CC0470A002FD7B8 /* PopupView.xib */,
				762185C61CC0470A002FD7B8 /* PopupView.h */,
				762185C71CC0470A002FD7B8 /* PopupView.m */,
				76221F2C1CB57F77001EF511 /* MediaViewController.h */,
				76221F2D1CB57F77001EF511 /* MediaViewController.m */,
				76221F2E1CB57F77001EF511 /* FiltersViewController.h */,
				76221F2F1CB57F77001EF511 /* FiltersViewController.m */,
				76221F301CB57F77001EF511 /* Filters.h */,
				76221F311CB57F77001EF511 /* Filters.m */,
				76221F321CB57F77001EF511 /* ThumbNail.h */,
				76221F331CB57F77001EF511 /* ThumbNail.m */,
				76A94D6A1CA339F800CE2D81 /* HeartRateViewController.h */,
				76A94D6B1CA339F800CE2D81 /* HeartRateViewController.m */,
				76FF39EE1C2A0BBA00D3C6A7 /* PastRunsViewController.h */,
				76FF39EF1C2A0BBA00D3C6A7 /* PastRunsViewController.m */,
				7668F12D1C2B50BB003C2E03 /* BadgeDetailsViewController.h */,
				7668F12E1C2B50BB003C2E03 /* BadgeDetailsViewController.m */,
				7685F2321C0B190700E6F39D /* DetailViewController.h */,
				7685F2331C0B190700E6F39D /* DetailViewController.m */,
				764B7A631CBEC590008277E9 /* SWShareScreenShot.h */,
				764B7A641CBEC590008277E9 /* SWShareScreenShot.m */,
				764B7A651CBEC590008277E9 /* SWDetailViewController.h */,
				764B7A661CBEC590008277E9 /* SWDetailViewController.m */,
				764BCED01C0C4F0D008AFF67 /* Math.h */,
				764BCED11C0C4F0D008AFF67 /* Math.m */,
				761FED8E1C24922D006FF374 /* MulticolorPolylineSegment.h */,
				761FED8F1C24922D006FF374 /* MulticolorPolylineSegment.m */,
				76EED0D71C457FEB00EB48CB /* BadgeAnnotation.h */,
				76EED0D81C457FEB00EB48CB /* BadgeAnnotation.m */,
				76B91AC11C236F2E007537D1 /* Badge.h */,
				76B91AC21C236F2E007537D1 /* Badge.m */,
				76FF39F11C2A0CB500D3C6A7 /* RunCell.h */,
				76FF39F21C2A0CB500D3C6A7 /* RunCell.m */,
				76B91AC41C237061007537D1 /* BadgeController.h */,
				76B91AC51C237061007537D1 /* BadgeController.m */,
				76B91AC91C2380AB007537D1 /* BadgeEarnStatus.h */,
				76B91ACA1C2380AB007537D1 /* BadgeEarnStatus.m */,
				76B91ACC1C238862007537D1 /* BadgeCell.h */,
				76B91ACD1C238862007537D1 /* BadgeCell.m */,
				76B91ACF1C2388BD007537D1 /* BadgesTableViewController.h */,
				76B91AD01C2388BD007537D1 /* BadgesTableViewController.m */,
				76A94D641CA339E500CE2D81 /* Filter.h */,
				76A94D651CA339E500CE2D81 /* Filter.m */,
				76A94D661CA339E500CE2D81 /* PulseDetector.h */,
				76A94D671CA339E500CE2D81 /* PulseDetector.mm */,
				7685F2381C0B190700E6F39D /* Assets.xcassets */,
				7685F23A1C0B190700E6F39D /* LaunchScreen.storyboard */,
				7685F23D1C0B190700E6F39D /* Info.plist */,
				7685F22C1C0B190700E6F39D /* Tracker_1.xcdatamodeld */,
				76FF39941C2A002A00D3C6A7 /* badges */,
				7685F2261C0B190700E6F39D /* Supporting Files */,
				7685F25F1C0B1DEC00E6F39D /* Location+CoreDataProperties.h */,
				7685F2601C0B1DEC00E6F39D /* Location+CoreDataProperties.m */,
				7685F2611C0B1DEC00E6F39D /* Location.h */,
				7685F2621C0B1DEC00E6F39D /* Location.m */,
				7685F2631C0B1DEC00E6F39D /* Run+CoreDataProperties.h */,
				7685F2641C0B1DEC00E6F39D /* Run+CoreDataProperties.m */,
				7685F2651C0B1DEC00E6F39D /* Run.h */,
				7685F2661C0B1DEC00E6F39D /* Run.m */,
			);
			path = Tracker_1;
			sourceTree = "<group>";
		};
		7685F2261C0B190700E6F39D /* Supporting Files */ = {
			isa = PBXGroup;
			children = (
				7685F2271C0B190700E6F39D /* main.m */,
				768C0A6D1CA8A9FB00D4B135 /* Photos.framework */,
				761FBE561CA5E89B00F555CF /* AssetsLibrary.framework */,
				761FBE541CA5E88D00F555CF /* CoreMedia.framework */,
				761FBE521CA5E88100F555CF /* MediaPlayer.framework */,
				761FBE501CA5E87100F555CF /* MobileCoreServices.framework */,
				761FBE4E1CA5E86500F555CF /* QuartzCore.framework */,
				761FBE4C1CA5E85400F555CF /* AVKit.framework */,
				761FBE4A1CA5E84400F555CF /* CoreAudio.framework */,
				761FBE481CA5E83300F555CF /* AudioToolbox.framework */,
				76A94D621CA3380000CE2D81 /* AVFoundation.framework */,
				764BCECB1C0C1CAA008AFF67 /* CoreLocation.framework */,
				7685F2731C0B1E3900E6F39D /* Foundation.framework */,
				7685F2711C0B1E3000E6F39D /* UIKit.framework */,
				7685F26F1C0B1E2500E6F39D /* CoreData.framework */,
				7685F26D1C0B1E1B00E6F39D /* CoreGraphics.framework */,
				7685F26B1C0B1E1200E6F39D /* MapKit.framework */,
			);
			name = "Supporting Files";
			sourceTree = "<group>";
		};
		7685F2451C0B190700E6F39D /* Tracker_1Tests */ = {
			isa = PBXGroup;
			children = (
				7685F2461C0B190700E6F39D /* Tracker_1Tests.m */,
				7685F2481C0B190700E6F39D /* Info.plist */,
			);
			path = Tracker_1Tests;
			sourceTree = "<group>";
		};
		7685F2501C0B190700E6F39D /* Tracker_1UITests */ = {
			isa = PBXGroup;
			children = (
				7685F2511C0B190700E6F39D /* Tracker_1UITests.m */,
				7685F2531C0B190700E6F39D /* Info.plist */,
			);
			path = Tracker_1UITests;
			sourceTree = "<group>";
		};
		76FF39941C2A002A00D3C6A7 /* badges */ = {
			isa = PBXGroup;
			children = (
				763D7EDB1CDBFD1600A7A986 /* icon1.png */,
				76967B361CD41E56006F6AF0 /* SS.png */,
				7683EBA81CCAEC0200CA9BE1 /* start-my-workout.png */,
				76EA71AB1CCAF54700E6A63C /* mediaM-active.png */,
				763385471CD00A040072ED1E /* runner-photo-portrait (1).jpg */,
				763385451CD003F40072ED1E /* start-screen@2x.png */,
				763D7ED91CDBFC0500A7A986 /* extra-mile-iOS-icon-2_@3x.png */,
				76266F931CCED02A00854963 /* photo-button.png */,
				76266F951CCED04700854963 /* info-icon.png */,
				76266F911CCED00900854963 /* video-button.png */,
				76266F8B1CCECF3300854963 /* filters-button.png */,
				76266F8F1CCECF7F00854963 /* twitter-button.png */,
				7671626E1CD1515B003AA64D /* badge-datail-background.png */,
				76266F891CCECEB300854963 /* save-button.png */,
				76266F8D1CCECF6600854963 /* facebook-button.png */,
				7683EBAA1CCAF29900CA9BE1 /* heart-monitor-active.png */,
				76814BC21CDAB1D90022699D /* past-runsT.png */,
				76814BC81CDAB5BD0022699D /* heart-monitor.png */,
				76814BC41CDAB2980022699D /* badgesB.png */,
				76EA71AD1CCAF62800E6A63C /* badgesB-active.png */,
				76EA71B51CCAF80B00E6A63C /* compass-button.png */,
				76266F7F1CCDBECF00854963 /* share-button.png */,
				76EA71B21CCAF70600E6A63C /* past-runs-activeT.png */,
				769463A51CCAA3280053F5E4 /* gradient-strip-bottom-main-screen.png */,
				7633854B1CD045E30072ED1E /* screenshot-icon.png */,
				769463A71CCAA33F0053F5E4 /* gradient-strip-top.png */,
				763F2E591CD3F19C0089E5CA /* compass_needle.png */,
				76814BC61CDAB51D0022699D /* mediaM.png */,
				761B05AE1CB86FFE0091C2FF /* Trophy.png */,
				7629A9041C6519E8004A58D1 /* badges.txt */,
				761B05B01CB870A00091C2FF /* Trophy1.png */,
				768A0B2C1CD0485600B25246 /* badge2.png */,
				768A0B2D1CD0485600B25246 /* badge1.png */,
				76D0DEE21CCC4305008B8FBA /* badge3.png */,
				76D0DEE31CCC4305008B8FBA /* badge4.png */,
				76D0DEE41CCC4305008B8FBA /* badge5.png */,
				76D0DEE51CCC4305008B8FBA /* badge6.png */,
				76D0DEE61CCC4305008B8FBA /* badge7.png */,
				76D0DEE71CCC4305008B8FBA /* badge8.png */,
				76D0DEE81CCC4305008B8FBA /* badge9.png */,
				76D0DEE91CCC4305008B8FBA /* badge10.png */,
				76D0DEEA1CCC4305008B8FBA /* badge11.png */,
				76D0DEEB1CCC4305008B8FBA /* badge12.png */,
				76D0DEEC1CCC4305008B8FBA /* badge13.png */,
				76D0DEED1CCC4305008B8FBA /* badge14.png */,
				76D0DEEE1CCC4305008B8FBA /* badge15.png */,
				76D0DEEF1CCC4305008B8FBA /* badge16.png */,
				7632F2471CD6B0AB0092FF56 /* dismiss-button@3x.png */,
				76D0DEF01CCC4305008B8FBA /* badge17.png */,
				76D0DEF11CCC4305008B8FBA /* badge18.png */,
				76D0DEF21CCC4305008B8FBA /* badge19.png */,
				76D0DEF31CCC4305008B8FBA /* badge20.png */,
				76D0DEF41CCC4305008B8FBA /* badge21.png */,
				76D0DEF51CCC4305008B8FBA /* badge22.png */,
				76D0DEF61CCC4305008B8FBA /* badge23.png */,
				76D0DEF71CCC4305008B8FBA /* badge24.png */,
				76D0DEF81CCC4305008B8FBA /* badge25.png */,
				76D0DEF91CCC4305008B8FBA /* badge26.png */,
				76D0DEFA1CCC4305008B8FBA /* badge27.png */,
				76D0DEFB1CCC4305008B8FBA /* badge28.png */,
				768A0B281CD047FF00B25246 /* badge29.png */,
				768A0B291CD047FF00B25246 /* badge30.png */,
				7632F2491CD6B2270092FF56 /* monitor-start-button@3x.png */,
				7632F24A1CD6B2270092FF56 /* monitor-stop-button@3x.png */,
				7632F2451CD6B0A30092FF56 /* badges-all@3x.png */,
				761CF5821CD95B12003A3433 /* resume-button@3x.png */,
				76814BBC1CDA9C570022699D /* load-button@3x.png */,
				7673D35C1CBB2D2700F2F452 /* save.png */,
				76266F971CCEDCD300854963 /* original-image.png */,
				76FF39D01CD9586000180450 /* stop-button@3x.png */,
				76FF39D41CD9596200180450 /* pause-button@3x.png */,
				76FF39D21CD9590000180450 /* start-button@3x.png */,
				76266F7D1CCDB5E600854963 /* white-circle.png */,
				76814BC01CDAB0820022699D /* filtered-image.png */,
				7673D3591CBB2B4D00F2F452 /* gallery2.png */,
				763385491CD041860072ED1E /* image.jpg */,
				764B7A6B1CBEF396008277E9 /* Screenshot1.png */,
				76266F9B1CCEE00A00854963 /* Shoot.png */,
				7673D3601CBB313700F2F452 /* TakePhoto.png */,
				76DBDE7D1C8F69FE003389D2 /* stopNewRun.png */,
				76266F6F1CCDB00200854963 /* SilverG.png */,
				76266F701CCDB00200854963 /* GoldG.png */,
				76266F6D1CCDAFB700854963 /* heart-rate-monitor.png */,
				76266F731CCDB04500854963 /* mapPin@2x.png */,
			);
			name = badges;
			sourceTree = "<group>";
		};
/* End PBXGroup section */

/* Begin PBXNativeTarget section */
		7685F2221C0B190700E6F39D /* Tracker_1 */ = {
			isa = PBXNativeTarget;
			buildConfigurationList = 7685F2561C0B190700E6F39D /* Build configuration list for PBXNativeTarget "Tracker_1" */;
			buildPhases = (
				7685F21F1C0B190700E6F39D /* Sources */,
				7685F2201C0B190700E6F39D /* Frameworks */,
				7685F2211C0B190700E6F39D /* Resources */,
			);
			buildRules = (
			);
			dependencies = (
			);
			name = Tracker_1;
			productName = Tracker_1;
			productReference = 7685F2231C0B190700E6F39D /* Tracker_1.app */;
			productType = "com.apple.product-type.application";
		};
		7685F2411C0B190700E6F39D /* Tracker_1Tests */ = {
			isa = PBXNativeTarget;
			buildConfigurationList = 7685F2591C0B190700E6F39D /* Build configuration list for PBXNativeTarget "Tracker_1Tests" */;
			buildPhases = (
				7685F23E1C0B190700E6F39D /* Sources */,
				7685F23F1C0B190700E6F39D /* Frameworks */,
				7685F2401C0B190700E6F39D /* Resources */,
			);
			buildRules = (
			);
			dependencies = (
				7685F2441C0B190700E6F39D /* PBXTargetDependency */,
			);
			name = Tracker_1Tests;
			productName = Tracker_1Tests;
			productReference = 7685F2421C0B190700E6F39D /* Tracker_1Tests.xctest */;
			productType = "com.apple.product-type.bundle.unit-test";
		};
		7685F24C1C0B190700E6F39D /* Tracker_1UITests */ = {
			isa = PBXNativeTarget;
			buildConfigurationList = 7685F25C1C0B190700E6F39D /* Build configuration list for PBXNativeTarget "Tracker_1UITests" */;
			buildPhases = (
				7685F2491C0B190700E6F39D /* Sources */,
				7685F24A1C0B190700E6F39D /* Frameworks */,
				7685F24B1C0B190700E6F39D /* Resources */,
			);
			buildRules = (
			);
			dependencies = (
				7685F24F1C0B190700E6F39D /* PBXTargetDependency */,
			);
			name = Tracker_1UITests;
			productName = Tracker_1UITests;
			productReference = 7685F24D1C0B190700E6F39D /* Tracker_1UITests.xctest */;
			productType = "com.apple.product-type.bundle.ui-testing";
		};
/* End PBXNativeTarget section */

/* Begin PBXProject section */
		7685F21B1C0B190700E6F39D /* Project object */ = {
			isa = PBXProject;
			attributes = {
				LastUpgradeCheck = 0710;
				ORGANIZATIONNAME = "Anastasiia Staiko";
				TargetAttributes = {
					7685F2221C0B190700E6F39D = {
						CreatedOnToolsVersion = 7.1.1;
						DevelopmentTeam = N9EJ58W8LM;
						SystemCapabilities = {
							com.apple.BackgroundModes = {
								enabled = 1;
							};
						};
					};
					7685F2411C0B190700E6F39D = {
						CreatedOnToolsVersion = 7.1.1;
						DevelopmentTeam = N9EJ58W8LM;
						TestTargetID = 7685F2221C0B190700E6F39D;
					};
					7685F24C1C0B190700E6F39D = {
						CreatedOnToolsVersion = 7.1.1;
						DevelopmentTeam = N9EJ58W8LM;
						TestTargetID = 7685F2221C0B190700E6F39D;
					};
				};
			};
			buildConfigurationList = 7685F21E1C0B190700E6F39D /* Build configuration list for PBXProject "Tracker_1" */;
			compatibilityVersion = "Xcode 3.2";
			developmentRegion = English;
			hasScannedForEncodings = 0;
			knownRegions = (
				en,
				Base,
			);
			mainGroup = 7685F21A1C0B190700E6F39D;
			productRefGroup = 7685F2241C0B190700E6F39D /* Products */;
			projectDirPath = "";
			projectRoot = "";
			targets = (
				7685F2221C0B190700E6F39D /* Tracker_1 */,
				7685F2411C0B190700E6F39D /* Tracker_1Tests */,
				7685F24C1C0B190700E6F39D /* Tracker_1UITests */,
			);
		};
/* End PBXProject section */

/* Begin PBXResourcesBuildPhase section */
		7685F2211C0B190700E6F39D /* Resources */ = {
			isa = PBXResourcesBuildPhase;
			buildActionMask = 2147483647;
			files = (
				76D0DF051CCC4305008B8FBA /* badge8.png in Resources */,
				76D0DF0E1CCC4305008B8FBA /* badge17.png in Resources */,
				76266F981CCEDCD300854963 /* original-image.png in Resources */,
				76266F711CCDB00200854963 /* SilverG.png in Resources */,
				7633854C1CD045E30072ED1E /* screenshot-icon.png in Resources */,
				763385461CD003F40072ED1E /* start-screen@2x.png in Resources */,
				76FF39D51CD9596200180450 /* pause-button@3x.png in Resources */,
				7685F23C1C0B190700E6F39D /* LaunchScreen.storyboard in Resources */,
				7673D35B1CBB2B4D00F2F452 /* gallery2.png in Resources */,
				76266F921CCED00900854963 /* video-button.png in Resources */,
				76FF39D31CD9590000180450 /* start-button@3x.png in Resources */,
				7632F2461CD6B0A30092FF56 /* badges-all@3x.png in Resources */,
				7633854A1CD041860072ED1E /* image.jpg in Resources */,
				7685F2391C0B190700E6F39D /* Assets.xcassets in Resources */,
				76266F9C1CCEE00A00854963 /* Shoot.png in Resources */,
				76EA71AF1CCAF62800E6A63C /* badgesB-active.png in Resources */,
				76D0DF021CCC4305008B8FBA /* badge5.png in Resources */,
				76266F8C1CCECF3300854963 /* filters-button.png in Resources */,
				761CF5831CD95B12003A3433 /* resume-button@3x.png in Resources */,
				76D0DF091CCC4305008B8FBA /* badge12.png in Resources */,
				7683EBA91CCAEC0200CA9BE1 /* start-my-workout.png in Resources */,
				76D0DF0F1CCC4305008B8FBA /* badge18.png in Resources */,
				768A0B2A1CD047FF00B25246 /* badge29.png in Resources */,
				764B7A6C1CBEF396008277E9 /* Screenshot1.png in Resources */,
				763385481CD00A040072ED1E /* runner-photo-portrait (1).jpg in Resources */,
				76814BBD1CDA9C570022699D /* load-button@3x.png in Resources */,
				76D0DF111CCC4305008B8FBA /* badge20.png in Resources */,
				76266F721CCDB00200854963 /* GoldG.png in Resources */,
				763D7EDC1CDBFD1600A7A986 /* icon1.png in Resources */,
				761B05AF1CB86FFE0091C2FF /* Trophy.png in Resources */,
				76D0DF131CCC4305008B8FBA /* badge22.png in Resources */,
				76266F941CCED02A00854963 /* photo-button.png in Resources */,
				76D0DF0A1CCC4305008B8FBA /* badge13.png in Resources */,
				7683EBAC1CCAF29900CA9BE1 /* heart-monitor-active.png in Resources */,
				76D0DF011CCC4305008B8FBA /* badge4.png in Resources */,
				769463A61CCAA3280053F5E4 /* gradient-strip-bottom-main-screen.png in Resources */,
				76D0DF151CCC4305008B8FBA /* badge24.png in Resources */,
				76266F901CCECF7F00854963 /* twitter-button.png in Resources */,
				76D0DF001CCC4305008B8FBA /* badge3.png in Resources */,
				76EA71B61CCAF80B00E6A63C /* compass-button.png in Resources */,
				7671626F1CD1515B003AA64D /* badge-datail-background.png in Resources */,
				76967B371CD41E56006F6AF0 /* SS.png in Resources */,
				76266F6E1CCDAFB700854963 /* heart-rate-monitor.png in Resources */,
				76D0DF191CCC4305008B8FBA /* badge28.png in Resources */,
				7632F24C1CD6B2270092FF56 /* monitor-stop-button@3x.png in Resources */,
				76EA71B41CCAF70600E6A63C /* past-runs-activeT.png in Resources */,
				763F2E5A1CD3F19C0089E5CA /* compass_needle.png in Resources */,
				76814BC31CDAB1D90022699D /* past-runsT.png in Resources */,
				76FF39D11CD9586000180450 /* stop-button@3x.png in Resources */,
				76814BC71CDAB51D0022699D /* mediaM.png in Resources */,
				763D7EDA1CDBFC0500A7A986 /* extra-mile-iOS-icon-2_@3x.png in Resources */,
				768A0B2E1CD0485600B25246 /* badge2.png in Resources */,
				76266F8A1CCECEB300854963 /* save-button.png in Resources */,
				76266F741CCDB04500854963 /* mapPin@2x.png in Resources */,
				76814BC51CDAB2980022699D /* badgesB.png in Resources */,
				7632F24B1CD6B2270092FF56 /* monitor-start-button@3x.png in Resources */,
				76EA71AC1CCAF54700E6A63C /* mediaM-active.png in Resources */,
				7673D35D1CBB2D2700F2F452 /* save.png in Resources */,
				76D0DF121CCC4305008B8FBA /* badge21.png in Resources */,
				7632F2481CD6B0AB0092FF56 /* dismiss-button@3x.png in Resources */,
				76D0DF041CCC4305008B8FBA /* badge7.png in Resources */,
				76814BC91CDAB5BD0022699D /* heart-monitor.png in Resources */,
				76DBDE7E1C8F69FE003389D2 /* stopNewRun.png in Resources */,
				76D0DF141CCC4305008B8FBA /* badge23.png in Resources */,
				762185CB1CC0470A002FD7B8 /* PopupView.xib in Resources */,
				76D0DF071CCC4305008B8FBA /* badge10.png in Resources */,
				7673D3631CBB313700F2F452 /* TakePhoto.png in Resources */,
				76266F961CCED04700854963 /* info-icon.png in Resources */,
				76D0DF181CCC4305008B8FBA /* badge27.png in Resources */,
				76814BC11CDAB0820022699D /* filtered-image.png in Resources */,
				768A0B2B1CD047FF00B25246 /* badge30.png in Resources */,
				76266F8E1CCECF6600854963 /* facebook-button.png in Resources */,
				7629A9051C6519E8004A58D1 /* badges.txt in Resources */,
				76D0DF0D1CCC4305008B8FBA /* badge16.png in Resources */,
				76D0DF101CCC4305008B8FBA /* badge19.png in Resources */,
				761B05B11CB870A00091C2FF /* Trophy1.png in Resources */,
				76D0DF081CCC4305008B8FBA /* badge11.png in Resources */,
				76D0DF161CCC4305008B8FBA /* badge25.png in Resources */,
				76266F7E1CCDB5E600854963 /* white-circle.png in Resources */,
				76D0DF061CCC4305008B8FBA /* badge9.png in Resources */,
				769463A81CCAA33F0053F5E4 /* gradient-strip-top.png in Resources */,
				76D0DF031CCC4305008B8FBA /* badge6.png in Resources */,
				768A0B2F1CD0485600B25246 /* badge1.png in Resources */,
				76192CF51C9A1182006F5EE6 /* Main.storyboard in Resources */,
				76D0DF0B1CCC4305008B8FBA /* badge14.png in Resources */,
				76D0DF0C1CCC4305008B8FBA /* badge15.png in Resources */,
				76D0DF171CCC4305008B8FBA /* badge26.png in Resources */,
				76266F801CCDBECF00854963 /* share-button.png in Resources */,
			);
			runOnlyForDeploymentPostprocessing = 0;
		};
		7685F2401C0B190700E6F39D /* Resources */ = {
			isa = PBXResourcesBuildPhase;
			buildActionMask = 2147483647;
			files = (
			);
			runOnlyForDeploymentPostprocessing = 0;
		};
		7685F24B1C0B190700E6F39D /* Resources */ = {
			isa = PBXResourcesBuildPhase;
			buildActionMask = 2147483647;
			files = (
			);
			runOnlyForDeploymentPostprocessing = 0;
		};
/* End PBXResourcesBuildPhase section */

/* Begin PBXSourcesBuildPhase section */
		7685F21F1C0B190700E6F39D /* Sources */ = {
			isa = PBXSourcesBuildPhase;
			buildActionMask = 2147483647;
			files = (
				7685F26A1C0B1DEC00E6F39D /* Run.m in Sources */,
				7685F2671C0B1DEC00E6F39D /* Location+CoreDataProperties.m in Sources */,
				762185C81CC0470A002FD7B8 /* PopupBackgroundView.m in Sources */,
				76FF39F01C2A0BBA00D3C6A7 /* PastRunsViewController.m in Sources */,
				76A94D6C1CA339F800CE2D81 /* HeartRateViewController.m in Sources */,
				76221F351CB57F78001EF511 /* MediaViewController.m in Sources */,
				76EED0D91C457FEB00EB48CB /* BadgeAnnotation.m in Sources */,
				76221F361CB57F78001EF511 /* FiltersViewController.m in Sources */,
				7685F2681C0B1DEC00E6F39D /* Location.m in Sources */,
				764B7A671CBEC590008277E9 /* SWShareScreenShot.m in Sources */,
				76B91AD11C2388BD007537D1 /* BadgesTableViewController.m in Sources */,
				762185CA1CC0470A002FD7B8 /* UIViewController+popupViewController.m in Sources */,
				761FED901C24922D006FF374 /* MulticolorPolylineSegment.m in Sources */,
				76221F371CB57F78001EF511 /* Filters.m in Sources */,
				7685F2341C0B190700E6F39D /* DetailViewController.m in Sources */,
				76A94D691CA339E500CE2D81 /* PulseDetector.mm in Sources */,
				7685F2691C0B1DEC00E6F39D /* Run+CoreDataProperties.m in Sources */,
				76221F381CB57F78001EF511 /* ThumbNail.m in Sources */,
				7685F2BE1C0B377D00E6F39D /* HomeViewController.m in Sources */,
				762185C91CC0470A002FD7B8 /* PopupViewAnimationFade.m in Sources */,
				7685F22B1C0B190700E6F39D /* AppDelegate.m in Sources */,
				76B91AC61C237061007537D1 /* BadgeController.m in Sources */,
				7668F12F1C2B50BB003C2E03 /* BadgeDetailsViewController.m in Sources */,
				764BCED21C0C4F0D008AFF67 /* Math.m in Sources */,
				7685F2C11C0B396200E6F39D /* NewRunViewController.m in Sources */,
				76B91AC31C236F2E007537D1 /* Badge.m in Sources */,
				764B7A681CBEC590008277E9 /* SWDetailViewController.m in Sources */,
				7685F22E1C0B190700E6F39D /* Tracker_1.xcdatamodeld in Sources */,
				76A94D681CA339E500CE2D81 /* Filter.m in Sources */,
				7685F2281C0B190700E6F39D /* main.m in Sources */,
				76B91ACE1C238862007537D1 /* BadgeCell.m in Sources */,
				762185CC1CC0470A002FD7B8 /* PopupView.m in Sources */,
				76FF39F31C2A0CB500D3C6A7 /* RunCell.m in Sources */,
				76B91ACB1C2380AB007537D1 /* BadgeEarnStatus.m in Sources */,
			);
			runOnlyForDeploymentPostprocessing = 0;
		};
		7685F23E1C0B190700E6F39D /* Sources */ = {
			isa = PBXSourcesBuildPhase;
			buildActionMask = 2147483647;
			files = (
				7685F2471C0B190700E6F39D /* Tracker_1Tests.m in Sources */,
			);
			runOnlyForDeploymentPostprocessing = 0;
		};
		7685F2491C0B190700E6F39D /* Sources */ = {
			isa = PBXSourcesBuildPhase;
			buildActionMask = 2147483647;
			files = (
				7685F2521C0B190700E6F39D /* Tracker_1UITests.m in Sources */,
			);
			runOnlyForDeploymentPostprocessing = 0;
		};
/* End PBXSourcesBuildPhase section */

/* Begin PBXTargetDependency section */
		7685F2441C0B190700E6F39D /* PBXTargetDependency */ = {
			isa = PBXTargetDependency;
			target = 7685F2221C0B190700E6F39D /* Tracker_1 */;
			targetProxy = 7685F2431C0B190700E6F39D /* PBXContainerItemProxy */;
		};
		7685F24F1C0B190700E6F39D /* PBXTargetDependency */ = {
			isa = PBXTargetDependency;
			target = 7685F2221C0B190700E6F39D /* Tracker_1 */;
			targetProxy = 7685F24E1C0B190700E6F39D /* PBXContainerItemProxy */;
		};
/* End PBXTargetDependency section */

/* Begin PBXVariantGroup section */
		76192CF31C9A1182006F5EE6 /* Main.storyboard */ = {
			isa = PBXVariantGroup;
			children = (
				76192CF41C9A1182006F5EE6 /* Base */,
			);
			name = Main.storyboard;
			sourceTree = "<group>";
		};
		7685F23A1C0B190700E6F39D /* LaunchScreen.storyboard */ = {
			isa = PBXVariantGroup;
			children = (
				7685F23B1C0B190700E6F39D /* Base */,
			);
			name = LaunchScreen.storyboard;
			sourceTree = "<group>";
		};
/* End PBXVariantGroup section */

/* Begin XCBuildConfiguration section */
		7685F2541C0B190700E6F39D /* Debug */ = {
			isa = XCBuildConfiguration;
			buildSettings = {
				ALWAYS_SEARCH_USER_PATHS = NO;
				CLANG_CXX_LANGUAGE_STANDARD = "gnu++0x";
				CLANG_CXX_LIBRARY = "libc++";
				CLANG_ENABLE_MODULES = YES;
				CLANG_ENABLE_OBJC_ARC = YES;
				CLANG_WARN_BOOL_CONVERSION = YES;
				CLANG_WARN_CONSTANT_CONVERSION = YES;
				CLANG_WARN_DIRECT_OBJC_ISA_USAGE = YES_ERROR;
				CLANG_WARN_EMPTY_BODY = YES;
				CLANG_WARN_ENUM_CONVERSION = YES;
				CLANG_WARN_INT_CONVERSION = YES;
				CLANG_WARN_OBJC_ROOT_CLASS = YES_ERROR;
				CLANG_WARN_UNREACHABLE_CODE = YES;
				CLANG_WARN__DUPLICATE_METHOD_MATCH = YES;
				"CODE_SIGN_IDENTITY[sdk=iphoneos*]" = "iPhone Developer";
				COPY_PHASE_STRIP = NO;
				DEBUG_INFORMATION_FORMAT = dwarf;
				ENABLE_STRICT_OBJC_MSGSEND = YES;
				ENABLE_TESTABILITY = YES;
				GCC_C_LANGUAGE_STANDARD = gnu99;
				GCC_DYNAMIC_NO_PIC = NO;
				GCC_NO_COMMON_BLOCKS = YES;
				GCC_OPTIMIZATION_LEVEL = 0;
				GCC_PREPROCESSOR_DEFINITIONS = (
					"DEBUG=1",
					"$(inherited)",
				);
				GCC_WARN_64_TO_32_BIT_CONVERSION = YES;
				GCC_WARN_ABOUT_RETURN_TYPE = YES_ERROR;
				GCC_WARN_UNDECLARED_SELECTOR = YES;
				GCC_WARN_UNINITIALIZED_AUTOS = YES_AGGRESSIVE;
				GCC_WARN_UNUSED_FUNCTION = YES;
				GCC_WARN_UNUSED_VARIABLE = YES;
				IPHONEOS_DEPLOYMENT_TARGET = 9.1;
				MTL_ENABLE_DEBUG_INFO = YES;
				ONLY_ACTIVE_ARCH = YES;
				SDKROOT = iphoneos;
				TARGETED_DEVICE_FAMILY = "1,2";
			};
			name = Debug;
		};
		7685F2551C0B190700E6F39D /* Release */ = {
			isa = XCBuildConfiguration;
			buildSettings = {
				ALWAYS_SEARCH_USER_PATHS = NO;
				CLANG_CXX_LANGUAGE_STANDARD = "gnu++0x";
				CLANG_CXX_LIBRARY = "libc++";
				CLANG_ENABLE_MODULES = YES;
				CLANG_ENABLE_OBJC_ARC = YES;
				CLANG_WARN_BOOL_CONVERSION = YES;
				CLANG_WARN_CONSTANT_CONVERSION = YES;
				CLANG_WARN_DIRECT_OBJC_ISA_USAGE = YES_ERROR;
				CLANG_WARN_EMPTY_BODY = YES;
				CLANG_WARN_ENUM_CONVERSION = YES;
				CLANG_WARN_INT_CONVERSION = YES;
				CLANG_WARN_OBJC_ROOT_CLASS = YES_ERROR;
				CLANG_WARN_UNREACHABLE_CODE = YES;
				CLANG_WARN__DUPLICATE_METHOD_MATCH = YES;
				"CODE_SIGN_IDENTITY[sdk=iphoneos*]" = "iPhone Developer";
				COPY_PHASE_STRIP = NO;
				DEBUG_INFORMATION_FORMAT = "dwarf-with-dsym";
				ENABLE_NS_ASSERTIONS = NO;
				ENABLE_STRICT_OBJC_MSGSEND = YES;
				GCC_C_LANGUAGE_STANDARD = gnu99;
				GCC_NO_COMMON_BLOCKS = YES;
				GCC_WARN_64_TO_32_BIT_CONVERSION = YES;
				GCC_WARN_ABOUT_RETURN_TYPE = YES_ERROR;
				GCC_WARN_UNDECLARED_SELECTOR = YES;
				GCC_WARN_UNINITIALIZED_AUTOS = YES_AGGRESSIVE;
				GCC_WARN_UNUSED_FUNCTION = YES;
				GCC_WARN_UNUSED_VARIABLE = YES;
				IPHONEOS_DEPLOYMENT_TARGET = 9.1;
				MTL_ENABLE_DEBUG_INFO = NO;
				SDKROOT = iphoneos;
				TARGETED_DEVICE_FAMILY = "1,2";
				VALIDATE_PRODUCT = YES;
			};
			name = Release;
		};
		7685F2571C0B190700E6F39D /* Debug */ = {
			isa = XCBuildConfiguration;
			buildSettings = {
				ASSETCATALOG_COMPILER_APPICON_NAME = AppIcon;
				CODE_SIGN_IDENTITY = "iPhone Developer";
				INFOPLIST_FILE = Tracker_1/Info.plist;
				IPHONEOS_DEPLOYMENT_TARGET = 8.0;
				LD_RUNPATH_SEARCH_PATHS = "$(inherited) @executable_path/Frameworks";
				PRODUCT_BUNDLE_IDENTIFIER = "AnaApp.Tracker-1";
				PRODUCT_NAME = "$(TARGET_NAME)";
			};
			name = Debug;
		};
		7685F2581C0B190700E6F39D /* Release */ = {
			isa = XCBuildConfiguration;
			buildSettings = {
				ASSETCATALOG_COMPILER_APPICON_NAME = AppIcon;
				CODE_SIGN_IDENTITY = "iPhone Developer";
				INFOPLIST_FILE = Tracker_1/Info.plist;
				IPHONEOS_DEPLOYMENT_TARGET = 8.0;
				LD_RUNPATH_SEARCH_PATHS = "$(inherited) @executable_path/Frameworks";
				PRODUCT_BUNDLE_IDENTIFIER = "AnaApp.Tracker-1";
				PRODUCT_NAME = "$(TARGET_NAME)";
			};
			name = Release;
		};
		7685F25A1C0B190700E6F39D /* Debug */ = {
			isa = XCBuildConfiguration;
			buildSettings = {
				BUNDLE_LOADER = "$(TEST_HOST)";
				INFOPLIST_FILE = Tracker_1Tests/Info.plist;
				LD_RUNPATH_SEARCH_PATHS = "$(inherited) @executable_path/Frameworks @loader_path/Frameworks";
				PRODUCT_BUNDLE_IDENTIFIER = "AnaApp.Tracker-1Tests";
				PRODUCT_NAME = "$(TARGET_NAME)";
				TEST_HOST = "$(BUILT_PRODUCTS_DIR)/Tracker_1.app/Tracker_1";
			};
			name = Debug;
		};
		7685F25B1C0B190700E6F39D /* Release */ = {
			isa = XCBuildConfiguration;
			buildSettings = {
				BUNDLE_LOADER = "$(TEST_HOST)";
				INFOPLIST_FILE = Tracker_1Tests/Info.plist;
				LD_RUNPATH_SEARCH_PATHS = "$(inherited) @executable_path/Frameworks @loader_path/Frameworks";
				PRODUCT_BUNDLE_IDENTIFIER = "AnaApp.Tracker-1Tests";
				PRODUCT_NAME = "$(TARGET_NAME)";
				TEST_HOST = "$(BUILT_PRODUCTS_DIR)/Tracker_1.app/Tracker_1";
			};
			name = Release;
		};
		7685F25D1C0B190700E6F39D /* Debug */ = {
			isa = XCBuildConfiguration;
			buildSettings = {
				INFOPLIST_FILE = Tracker_1UITests/Info.plist;
				LD_RUNPATH_SEARCH_PATHS = "$(inherited) @executable_path/Frameworks @loader_path/Frameworks";
				PRODUCT_BUNDLE_IDENTIFIER = "AnaApp.Tracker-1UITests";
				PRODUCT_NAME = "$(TARGET_NAME)";
				TEST_TARGET_NAME = Tracker_1;
				USES_XCTRUNNER = YES;
			};
			name = Debug;
		};
		7685F25E1C0B190700E6F39D /* Release */ = {
			isa = XCBuildConfiguration;
			buildSettings = {
				INFOPLIST_FILE = Tracker_1UITests/Info.plist;
				LD_RUNPATH_SEARCH_PATHS = "$(inherited) @executable_path/Frameworks @loader_path/Frameworks";
				PRODUCT_BUNDLE_IDENTIFIER = "AnaApp.Tracker-1UITests";
				PRODUCT_NAME = "$(TARGET_NAME)";
				TEST_TARGET_NAME = Tracker_1;
				USES_XCTRUNNER = YES;
			};
			name = Release;
		};
/* End XCBuildConfiguration section */

/* Begin XCConfigurationList section */
		7685F21E1C0B190700E6F39D /* Build configuration list for PBXProject "Tracker_1" */ = {
			isa = XCConfigurationList;
			buildConfigurations = (
				7685F2541C0B190700E6F39D /* Debug */,
				7685F2551C0B190700E6F39D /* Release */,
			);
			defaultConfigurationIsVisible = 0;
			defaultConfigurationName = Release;
		};
		7685F2561C0B190700E6F39D /* Build configuration list for PBXNativeTarget "Tracker_1" */ = {
			isa = XCConfigurationList;
			buildConfigurations = (
				7685F2571C0B190700E6F39D /* Debug */,
				7685F2581C0B190700E6F39D /* Release */,
			);
			defaultConfigurationIsVisible = 0;
			defaultConfigurationName = Release;
		};
		7685F2591C0B190700E6F39D /* Build configuration list for PBXNativeTarget "Tracker_1Tests" */ = {
			isa = XCConfigurationList;
			buildConfigurations = (
				7685F25A1C0B190700E6F39D /* Debug */,
				7685F25B1C0B190700E6F39D /* Release */,
			);
			defaultConfigurationIsVisible = 0;
			defaultConfigurationName = Release;
		};
		7685F25C1C0B190700E6F39D /* Build configuration list for PBXNativeTarget "Tracker_1UITests" */ = {
			isa = XCConfigurationList;
			buildConfigurations = (
				7685F25D1C0B190700E6F39D /* Debug */,
				7685F25E1C0B190700E6F39D /* Release */,
			);
			defaultConfigurationIsVisible = 0;
			defaultConfigurationName = Release;
		};
/* End XCConfigurationList section */

/* Begin XCVersionGroup section */
		7685F22C1C0B190700E6F39D /* Tracker_1.xcdatamodeld */ = {
			isa = XCVersionGroup;
			children = (
				7685F22D1C0B190700E6F39D /* Tracker_1.xcdatamodel */,
			);
			currentVersion = 7685F22D1C0B190700E6F39D /* Tracker_1.xcdatamodel */;
			path = Tracker_1.xcdatamodeld;
			sourceTree = "<group>";
			versionGroupType = wrapper.xcdatamodel;
		};
/* End XCVersionGroup section */
	};
	rootObject = 7685F21B1C0B190700E6F39D /* Project object */;
}
